{
  "version": 4,
  "terraform_version": "1.14.4",
  "serial": 99,
  "lineage": "ab5cffc4-083c-b9d3-a1b4-4c53ec6b9630",
  "outputs": {
    "bucket_name": {
      "value": "vto-demo-bucket-046029232490-us-east-1",
      "type": "string"
    },
    "connections_table_name": {
      "value": "vto-connections",
      "type": "string"
    },
    "jobs_table_name": {
      "value": "vto-jobs",
      "type": "string"
    },
    "models_queue_url": {
      "value": "https://sqs.us-east-1.amazonaws.com/046029232490/vto-models-queue",
      "type": "string"
    },
    "models_table_name": {
      "value": "vto-models",
      "type": "string"
    },
    "products_queue_url": {
      "value": "https://sqs.us-east-1.amazonaws.com/046029232490/vto-products-queue",
      "type": "string"
    },
    "products_table_name": {
      "value": "vto-products",
      "type": "string"
    },
    "results_queue_url": {
      "value": "https://sqs.us-east-1.amazonaws.com/046029232490/vto-results-queue",
      "type": "string"
    },
    "state_machine_arn": {
      "value": "arn:aws:states:us-east-1:046029232490:stateMachine:vto-processing",
      "type": "string"
    },
    "websocket_api_endpoint": {
      "value": "wss://kyi9zyw7mj.execute-api.us-east-1.amazonaws.com/prod",
      "type": "string"
    },
    "websocket_api_id": {
      "value": "kyi9zyw7mj",
      "type": "string"
    },
    "websocket_api_key_id": {
      "value": "q8l73ipjmi",
      "type": "string"
    }
  },
  "resources": [
    {
      "mode": "data",
      "type": "archive_file",
      "name": "canvas_processor",
      "provider": "provider[\"registry.terraform.io/hashicorp/archive\"]",
      "instances": [
        {
          "schema_version": 0,
          "attributes": {
            "exclude_symlink_directories": null,
            "excludes": null,
            "id": "7dfb335b2307a509633254d44b897dbe5f7a7aaa",
            "output_base64sha256": "xlBUr0KScTKOJO8vWFq8flAlbU7gxGW4dTLVHPle+GE=",
            "output_base64sha512": "83+mdAwFIkcmQ1jqC2sKeiz8hii/GAu74v7flw/nEqHEmFM6/suEH4zx7ysKgvGBp0xnhPBrrrUW8mZq690J5Q==",
            "output_file_mode": null,
            "output_md5": "b69b548ddbabfda2128203816506feb4",
            "output_path": "./../lambdas/canvas-processor.zip",
            "output_sha": "7dfb335b2307a509633254d44b897dbe5f7a7aaa",
            "output_sha256": "c65054af429271328e24ef2f585abc7e50256d4ee0c465b87532d51cf95ef861",
            "output_sha512": "f37fa6740c052247264358ea0b6b0a7a2cfc8628bf180bbbe2fedf970fe712a1c498533afecb841f8cf1ef2b0a82f181a74c6784f06baeb516f2666aebdd09e5",
            "output_size": 2244,
            "source": [],
            "source_content": null,
            "source_content_filename": null,
            "source_dir": "./../lambdas/canvas-processor",
            "source_file": null,
            "type": "zip"
          },
          "sensitive_attributes": [],
          "identity_schema_version": 0
        }
      ]
    },
    {
      "mode": "data",
      "type": "archive_file",
      "name": "s3_models_handler",
      "provider": "provider[\"registry.terraform.io/hashicorp/archive\"]",
      "instances": [
        {
          "schema_version": 0,
          "attributes": {
            "exclude_symlink_directories": null,
            "excludes": null,
            "id": "c86cea64675a625642db9fddf85ba0eb3a06da40",
            "output_base64sha256": "DJhryIu/avZ12HnG/yynuHAs+H3DCN4uIaAa/omC5+g=",
            "output_base64sha512": "pz2QOwVKqt9EZAt9riGWUCYdGTlabe8OLTtMGp1gOvoyARsLESXHoF1uT2R1NT3elaWaQQC6hknBzMa9nNNH+Q==",
            "output_file_mode": null,
            "output_md5": "bd9255400d9cdd4c4d2125d9ba4093a3",
            "output_path": "./../lambdas/s3-models-handler.zip",
            "output_sha": "c86cea64675a625642db9fddf85ba0eb3a06da40",
            "output_sha256": "0c986bc88bbf6af675d879c6ff2ca7b8702cf87dc308de2e21a01afe8982e7e8",
            "output_sha512": "a73d903b054aaadf44640b7dae219650261d19395a6def0e2d3b4c1a9d603afa32011b0b1125c7a05d6e4f6475353dde95a59a4100ba8649c1ccc6bd9cd347f9",
            "output_size": 1775,
            "source": [],
            "source_content": null,
            "source_content_filename": null,
            "source_dir": "./../lambdas/s3-models-handler",
            "source_file": null,
            "type": "zip"
          },
          "sensitive_attributes": [],
          "identity_schema_version": 0
        }
      ]
    },
    {
      "mode": "data",
      "type": "archive_file",
      "name": "s3_products_handler",
      "provider": "provider[\"registry.terraform.io/hashicorp/archive\"]",
      "instances": [
        {
          "schema_version": 0,
          "attributes": {
            "exclude_symlink_directories": null,
            "excludes": null,
            "id": "4fac2e1133f92b264b0ca5b9c4e2c74b38179c23",
            "output_base64sha256": "AkgQUjW4lZdv1mY6O5YKfq4wnF+pwg7IioV7J1qGXHk=",
            "output_base64sha512": "S0fdWVet+ErrTNLpvBO5aMTAkEc2rmfOalmRZAUVdKw91s5dAkUAHvbhd7T9B6TIOOoVbrS5jwD1a48XHhKmsQ==",
            "output_file_mode": null,
            "output_md5": "ed2267b0e0df688509d1e68d05d8de01",
            "output_path": "./../lambdas/s3-products-handler.zip",
            "output_sha": "4fac2e1133f92b264b0ca5b9c4e2c74b38179c23",
            "output_sha256": "0248105235b895976fd6663a3b960a7eae309c5fa9c20ec88a857b275a865c79",
            "output_sha512": "4b47dd5957adf84aeb4cd2e9bc13b968c4c0904736ae67ce6a599164051574ac3dd6ce5d0245001ef6e177b4fd07a4c838ea156eb4b98f00f56b8f171e12a6b1",
            "output_size": 1788,
            "source": [],
            "source_content": null,
            "source_content_filename": null,
            "source_dir": "./../lambdas/s3-products-handler",
            "source_file": null,
            "type": "zip"
          },
          "sensitive_attributes": [],
          "identity_schema_version": 0
        }
      ]
    },
    {
      "mode": "data",
      "type": "archive_file",
      "name": "s3_result_handler",
      "provider": "provider[\"registry.terraform.io/hashicorp/archive\"]",
      "instances": [
        {
          "schema_version": 0,
          "attributes": {
            "exclude_symlink_directories": null,
            "excludes": null,
            "id": "6b5241f7426b38ac133c49d9248db1b047f8009c",
            "output_base64sha256": "YrJK0zBVsbdUSdpLkO0jrEyZnWkd534VbpKpy92HlyM=",
            "output_base64sha512": "Fv7qCg/v/MICjth44L4eOb7bHRC6AslpJxu1K8uFG8qoEus7+fJeklJlUTv+6G/lImYfVk7+nPx6xWx+GiAi0A==",
            "output_file_mode": null,
            "output_md5": "2896d208b983dd36103a5e83e0a15566",
            "output_path": "./../lambdas/s3-result-handler.zip",
            "output_sha": "6b5241f7426b38ac133c49d9248db1b047f8009c",
            "output_sha256": "62b24ad33055b1b75449da4b90ed23ac4c999d691de77e156e92a9cbdd879723",
            "output_sha512": "16feea0a0feffcc2028ed878e0be1e39bedb1d10ba02c969271bb52bcb851bcaa812eb3bf9f25e925265513bfee86fe522661f564efe9cfc7ac56c7e1a2022d0",
            "output_size": 2136,
            "source": [],
            "source_content": null,
            "source_content_filename": null,
            "source_dir": "./../lambdas/s3-result-handler",
            "source_file": null,
            "type": "zip"
          },
          "sensitive_attributes": [],
          "identity_schema_version": 0
        }
      ]
    },
    {
      "mode": "data",
      "type": "archive_file",
      "name": "stream_trigger",
      "provider": "provider[\"registry.terraform.io/hashicorp/archive\"]",
      "instances": [
        {
          "schema_version": 0,
          "attributes": {
            "exclude_symlink_directories": null,
            "excludes": null,
            "id": "0b7072277ac837dbc184c380aa6d7a7503c0b59a",
            "output_base64sha256": "Po5f2isHS2fwgtfKIvoY5y4jXaffPqbOFA6/FA4n9p4=",
            "output_base64sha512": "S339tfI13e+79J+0oy+tf9x4H8PqciLCZg1ZXgfAEvlIy+FZhZz8JAAzocU8fdQgFdos4t5TDCH59TBU0YeX4g==",
            "output_file_mode": null,
            "output_md5": "07ba648353e14cef86cdfbd57b67f1a2",
            "output_path": "./../lambdas/stream-trigger.zip",
            "output_sha": "0b7072277ac837dbc184c380aa6d7a7503c0b59a",
            "output_sha256": "3e8e5fda2b074b67f082d7ca22fa18e72e235da7df3ea6ce140ebf140e27f69e",
            "output_sha512": "4b7dfdb5f235ddefbbf49fb4a32fad7fdc781fc3ea7222c2660d595e07c012f948cbe159859cfc240033a1c53c7dd42015da2ce2de530c21f9f53054d18797e2",
            "output_size": 937,
            "source": [],
            "source_content": null,
            "source_content_filename": null,
            "source_dir": "./../lambdas/stream-trigger",
            "source_file": null,
            "type": "zip"
          },
          "sensitive_attributes": [],
          "identity_schema_version": 0
        }
      ]
    },
    {
      "mode": "data",
      "type": "archive_file",
      "name": "websocket_connect",
      "provider": "provider[\"registry.terraform.io/hashicorp/archive\"]",
      "instances": [
        {
          "schema_version": 0,
          "attributes": {
            "exclude_symlink_directories": null,
            "excludes": null,
            "id": "1d107527422fed84906d0adbf2341cf038179d48",
            "output_base64sha256": "EZL6RDArYlgN8M+tChnjRO84Fygt7ObztZvbf7DhUGg=",
            "output_base64sha512": "iwLnaZEQBwfvGTKVr7xU1n8IdoyJDdnHg8G7jh73otphemzzyvNh0jwUSSiyGtPo/q55YA2QPVtV0rZsA3MmaA==",
            "output_file_mode": null,
            "output_md5": "eb7fca9871f114036d6b76a7a57d2f3d",
            "output_path": "./../lambdas/websocket-connect.zip",
            "output_sha": "1d107527422fed84906d0adbf2341cf038179d48",
            "output_sha256": "1192fa44302b62580df0cfad0a19e344ef3817282dece6f3b59bdb7fb0e15068",
            "output_sha512": "8b02e76991100707ef193295afbc54d67f08768c890dd9c783c1bb8e1ef7a2da617a6cf3caf361d23c144928b21ad3e8feae79600d903d5b55d2b66c03732668",
            "output_size": 797,
            "source": [],
            "source_content": null,
            "source_content_filename": null,
            "source_dir": "./../lambdas/websocket-connect",
            "source_file": null,
            "type": "zip"
          },
          "sensitive_attributes": [],
          "identity_schema_version": 0
        }
      ]
    },
    {
      "mode": "data",
      "type": "archive_file",
      "name": "websocket_disconnect",
      "provider": "provider[\"registry.terraform.io/hashicorp/archive\"]",
      "instances": [
        {
          "schema_version": 0,
          "attributes": {
            "exclude_symlink_directories": null,
            "excludes": null,
            "id": "7144d2c9e33aba5ccf6b35981e36460ba1d30ebf",
            "output_base64sha256": "xQgtO5iZDlIznv8r4CLHyxm7WneZZBf8SClZ5WtqDYk=",
            "output_base64sha512": "4tlMAv1zKCWlDrXH32/RksaqMokOBOtIwxOhirurjdRAfQKngAuRQrqnHMYT4ywVJFWYSP7BoUGNR4jmtOt9dQ==",
            "output_file_mode": null,
            "output_md5": "602d84c0e100579a3f3be41a8ed577db",
            "output_path": "./../lambdas/websocket-disconnect.zip",
            "output_sha": "7144d2c9e33aba5ccf6b35981e36460ba1d30ebf",
            "output_sha256": "c5082d3b98990e52339eff2be022c7cb19bb5a77996417fc482959e56b6a0d89",
            "output_sha512": "e2d94c02fd732825a50eb5c7df6fd192c6aa32890e04eb48c313a18abbab8dd4407d02a7800b9142baa71cc613e32c1524559848fec1a1418d4788e6b4eb7d75",
            "output_size": 533,
            "source": [],
            "source_content": null,
            "source_content_filename": null,
            "source_dir": "./../lambdas/websocket-disconnect",
            "source_file": null,
            "type": "zip"
          },
          "sensitive_attributes": [],
          "identity_schema_version": 0
        }
      ]
    },
    {
      "mode": "data",
      "type": "archive_file",
      "name": "websocket_message",
      "provider": "provider[\"registry.terraform.io/hashicorp/archive\"]",
      "instances": [
        {
          "schema_version": 0,
          "attributes": {
            "exclude_symlink_directories": null,
            "excludes": null,
            "id": "5a6548503c1a05df201a6ab1210ffa9699c4f8b4",
            "output_base64sha256": "e2zNXd1fdvmAEmi9UmAjezVV9pKPs9rPWWNTgRrdCjM=",
            "output_base64sha512": "gjGf7c40KZXVt9JsYsz0+SzEuMkvBpbxZoAeVpP9chEYWM91t/h6RD1iBI06NoPeCwdTSljWwGATs0WzipfKNQ==",
            "output_file_mode": null,
            "output_md5": "d8dec92658aa734f1a461dbb5277fe24",
            "output_path": "./../lambdas/websocket-message.zip",
            "output_sha": "5a6548503c1a05df201a6ab1210ffa9699c4f8b4",
            "output_sha256": "7b6ccd5ddd5f76f9801268bd5260237b3555f6928fb3dacf596353811add0a33",
            "output_sha512": "82319fedce342995d5b7d26c62ccf4f92cc4b8c92f0696f166801e5693fd72111858cf75b7f87a443d62048d3a3683de0b07534a58d6c06013b345b38a97ca35",
            "output_size": 2412,
            "source": [],
            "source_content": null,
            "source_content_filename": null,
            "source_dir": "./../lambdas/websocket-message",
            "source_file": null,
            "type": "zip"
          },
          "sensitive_attributes": [],
          "identity_schema_version": 0
        }
      ]
    },
    {
      "mode": "data",
      "type": "aws_caller_identity",
      "name": "current",
      "provider": "provider[\"registry.terraform.io/hashicorp/aws\"]",
      "instances": [
        {
          "schema_version": 0,
          "attributes": {
            "account_id": "046029232490",
            "arn": "arn:aws:iam::046029232490:user/laptop_cli",
            "id": "046029232490",
            "user_id": "AIDAQVN4OLFVKH7WPPGGD"
          },
          "sensitive_attributes": [],
          "identity_schema_version": 0
        }
      ]
    },
    {
      "mode": "data",
      "type": "aws_region",
      "name": "current",
      "provider": "provider[\"registry.terraform.io/hashicorp/aws\"]",
      "instances": [
        {
          "schema_version": 0,
          "attributes": {
            "description": "US East (N. Virginia)",
            "endpoint": "ec2.us-east-1.amazonaws.com",
            "id": "us-east-1",
            "name": "us-east-1"
          },
          "sensitive_attributes": [],
          "identity_schema_version": 0
        }
      ]
    },
    {
      "mode": "managed",
      "type": "aws_api_gateway_account",
      "name": "main",
      "provider": "provider[\"registry.terraform.io/hashicorp/aws\"]",
      "instances": [
        {
          "schema_version": 0,
          "attributes": {
            "api_key_version": "4",
            "cloudwatch_role_arn": "arn:aws:iam::046029232490:role/vto-apigw-logs-role",
            "features": [
              "UsagePlans"
            ],
            "id": "api-gateway-account",
            "reset_on_delete": null,
            "throttle_settings": [
              {
                "burst_limit": 5000,
                "rate_limit": 10000
              }
            ]
          },
          "sensitive_attributes": [],
          "identity_schema_version": 0,
          "dependencies": [
            "aws_iam_role.apigw_logs"
          ]
        }
      ]
    },
    {
      "mode": "managed",
      "type": "aws_api_gateway_api_key",
      "name": "websocket",
      "provider": "provider[\"registry.terraform.io/hashicorp/aws\"]",
      "instances": [
        {
          "schema_version": 0,
          "attributes": {
            "arn": "arn:aws:apigateway:us-east-1::/apikeys/q8l73ipjmi",
            "created_date": "2026-05-21T12:44:04Z",
            "customer_id": "",
            "description": "Managed by Terraform",
            "enabled": true,
            "id": "q8l73ipjmi",
            "last_updated_date": "2026-05-21T12:44:04Z",
            "name": "vto-websocket-api-key",
            "tags": {},
            "tags_all": {},
            "value": "syz4qOFyBaHxYC1005Yq2kq0mvl3jX79oVQBxqr3"
          },
          "sensitive_attributes": [
            [
              {
                "type": "get_attr",
                "value": "value"
              }
            ]
          ],
          "identity_schema_version": 0,
          "private": "bnVsbA=="
        }
      ]
    },
    {
      "mode": "managed",
      "type": "aws_api_gateway_usage_plan",
      "name": "websocket",
      "provider": "provider[\"registry.terraform.io/hashicorp/aws\"]",
      "instances": [
        {
          "schema_version": 0,
          "attributes": {
            "api_stages": [
              {
                "api_id": "kyi9zyw7mj",
                "stage": "prod",
                "throttle": []
              }
            ],
            "arn": "arn:aws:apigateway:us-east-1::/usageplans/cyw1ng",
            "description": "",
            "id": "cyw1ng",
            "name": "vto-websocket-usage-plan",
            "product_code": "",
            "quota_settings": [],
            "tags": {},
            "tags_all": {},
            "throttle_settings": [
              {
                "burst_limit": 100,
                "rate_limit": 50
              }
            ]
          },
          "sensitive_attributes": [],
          "identity_schema_version": 0,
          "private": "bnVsbA==",
          "dependencies": [
            "aws_api_gateway_account.main",
            "aws_apigatewayv2_api.websocket",
            "aws_apigatewayv2_integration.connect",
            "aws_apigatewayv2_integration.disconnect",
            "aws_apigatewayv2_integration.message",
            "aws_apigatewayv2_route.connect",
            "aws_apigatewayv2_route.default",
            "aws_apigatewayv2_route.disconnect",
            "aws_apigatewayv2_stage.prod",
            "aws_cloudwatch_log_group.websocket_access",
            "aws_dynamodb_table.connections",
            "aws_dynamodb_table.jobs",
            "aws_dynamodb_table.models",
            "aws_dynamodb_table.products",
            "aws_iam_role.apigw_logs",
            "aws_iam_role.lambda_exec",
            "aws_lambda_function.websocket_connect",
            "aws_lambda_function.websocket_disconnect",
            "aws_lambda_function.websocket_message",
            "aws_s3_bucket.vto",
            "data.archive_file.websocket_connect",
            "data.archive_file.websocket_disconnect",
            "data.archive_file.websocket_message",
            "data.aws_caller_identity.current"
          ]
        }
      ]
    },
    {
      "mode": "managed",
      "type": "aws_api_gateway_usage_plan_key",
      "name": "websocket",
      "provider": "provider[\"registry.terraform.io/hashicorp/aws\"]",
      "instances": [
        {
          "schema_version": 0,
          "attributes": {
            "id": "q8l73ipjmi",
            "key_id": "q8l73ipjmi",
            "key_type": "API_KEY",
            "name": "vto-websocket-api-key",
            "usage_plan_id": "cyw1ng",
            "value": "syz4qOFyBaHxYC1005Yq2kq0mvl3jX79oVQBxqr3"
          },
          "sensitive_attributes": [],
          "identity_schema_version": 0,
          "private": "bnVsbA==",
          "dependencies": [
            "aws_api_gateway_account.main",
            "aws_api_gateway_api_key.websocket",
            "aws_api_gateway_usage_plan.websocket",
            "aws_apigatewayv2_api.websocket",
            "aws_apigatewayv2_integration.connect",
            "aws_apigatewayv2_integration.disconnect",
            "aws_apigatewayv2_integration.message",
            "aws_apigatewayv2_route.connect",
            "aws_apigatewayv2_route.default",
            "aws_apigatewayv2_route.disconnect",
            "aws_apigatewayv2_stage.prod",
            "aws_cloudwatch_log_group.websocket_access",
            "aws_dynamodb_table.connections",
            "aws_dynamodb_table.jobs",
            "aws_dynamodb_table.models",
            "aws_dynamodb_table.products",
            "aws_iam_role.apigw_logs",
            "aws_iam_role.lambda_exec",
            "aws_lambda_function.websocket_connect",
            "aws_lambda_function.websocket_disconnect",
            "aws_lambda_function.websocket_message",
            "aws_s3_bucket.vto",
            "data.archive_file.websocket_connect",
            "data.archive_file.websocket_disconnect",
            "data.archive_file.websocket_message",
            "data.aws_caller_identity.current"
          ]
        }
      ]
    },
    {
      "mode": "managed",
      "type": "aws_apigatewayv2_api",
      "name": "websocket",
      "provider": "provider[\"registry.terraform.io/hashicorp/aws\"]",
      "instances": [
        {
          "schema_version": 0,
          "attributes": {
            "api_endpoint": "wss://kyi9zyw7mj.execute-api.us-east-1.amazonaws.com",
            "api_key_selection_expression": "$request.header.x-api-key",
            "arn": "arn:aws:apigateway:us-east-1::/apis/kyi9zyw7mj",
            "body": null,
            "cors_configuration": [],
            "credentials_arn": null,
            "description": "",
            "disable_execute_api_endpoint": false,
            "execution_arn": "arn:aws:execute-api:us-east-1:046029232490:kyi9zyw7mj",
            "fail_on_warnings": null,
            "id": "kyi9zyw7mj",
            "ip_address_type": "ipv4",
            "name": "vto-websocket-api",
            "protocol_type": "WEBSOCKET",
            "route_key": null,
            "route_selection_expression": "$request.body.action",
            "tags": {},
            "tags_all": {},
            "target": null,
            "version": ""
          },
          "sensitive_attributes": [],
          "identity_schema_version": 0,
          "private": "bnVsbA=="
        }
      ]
    },
    {
      "mode": "managed",
      "type": "aws_apigatewayv2_integration",
      "name": "connect",
      "provider": "provider[\"registry.terraform.io/hashicorp/aws\"]",
      "instances": [
        {
          "schema_version": 0,
          "attributes": {
            "api_id": "kyi9zyw7mj",
            "connection_id": "",
            "connection_type": "INTERNET",
            "content_handling_strategy": "",
            "credentials_arn": "",
            "description": "",
            "id": "on09ah7",
            "integration_method": "POST",
            "integration_response_selection_expression": "",
            "integration_subtype": "",
            "integration_type": "AWS_PROXY",
            "integration_uri": "arn:aws:apigateway:us-east-1:lambda:path/2015-03-31/functions/arn:aws:lambda:us-east-1:046029232490:function:vto-websocket-connect/invocations",
            "passthrough_behavior": "WHEN_NO_MATCH",
            "payload_format_version": "1.0",
            "request_parameters": {},
            "request_templates": {},
            "response_parameters": [],
            "template_selection_expression": "",
            "timeout_milliseconds": 29000,
            "tls_config": []
          },
          "sensitive_attributes": [],
          "identity_schema_version": 0,
          "private": "bnVsbA==",
          "dependencies": [
            "aws_apigatewayv2_api.websocket",
            "aws_dynamodb_table.connections",
            "aws_iam_role.lambda_exec",
            "aws_lambda_function.websocket_connect",
            "data.archive_file.websocket_connect"
          ]
        }
      ]
    },
    {
      "mode": "managed",
      "type": "aws_apigatewayv2_integration",
      "name": "disconnect",
      "provider": "provider[\"registry.terraform.io/hashicorp/aws\"]",
      "instances": [
        {
          "schema_version": 0,
          "attributes": {
            "api_id": "kyi9zyw7mj",
            "connection_id": "",
            "connection_type": "INTERNET",
            "content_handling_strategy": "",
            "credentials_arn": "",
            "description": "",
            "id": "eb1k2rf",
            "integration_method": "POST",
            "integration_response_selection_expression": "",
            "integration_subtype": "",
            "integration_type": "AWS_PROXY",
            "integration_uri": "arn:aws:apigateway:us-east-1:lambda:path/2015-03-31/functions/arn:aws:lambda:us-east-1:046029232490:function:vto-websocket-disconnect/invocations",
            "passthrough_behavior": "WHEN_NO_MATCH",
            "payload_format_version": "1.0",
            "request_parameters": {},
            "request_templates": {},
            "response_parameters": [],
            "template_selection_expression": "",
            "timeout_milliseconds": 29000,
            "tls_config": []
          },
          "sensitive_attributes": [],
          "identity_schema_version": 0,
          "private": "bnVsbA==",
          "dependencies": [
            "aws_apigatewayv2_api.websocket",
            "aws_dynamodb_table.connections",
            "aws_iam_role.lambda_exec",
            "aws_lambda_function.websocket_disconnect",
            "data.archive_file.websocket_disconnect"
          ]
        }
      ]
    },
    {
      "mode": "managed",
      "type": "aws_apigatewayv2_integration",
      "name": "message",
      "provider": "provider[\"registry.terraform.io/hashicorp/aws\"]",
      "instances": [
        {
          "schema_version": 0,
          "attributes": {
            "api_id": "kyi9zyw7mj",
            "connection_id": "",
            "connection_type": "INTERNET",
            "content_handling_strategy": "",
            "credentials_arn": "",
            "description": "",
            "id": "dtg2bzt",
            "integration_method": "POST",
            "integration_response_selection_expression": "",
            "integration_subtype": "",
            "integration_type": "AWS_PROXY",
            "integration_uri": "arn:aws:apigateway:us-east-1:lambda:path/2015-03-31/functions/arn:aws:lambda:us-east-1:046029232490:function:vto-websocket-message/invocations",
            "passthrough_behavior": "WHEN_NO_MATCH",
            "payload_format_version": "1.0",
            "request_parameters": {},
            "request_templates": {},
            "response_parameters": [],
            "template_selection_expression": "",
            "timeout_milliseconds": 29000,
            "tls_config": []
          },
          "sensitive_attributes": [],
          "identity_schema_version": 0,
          "private": "bnVsbA==",
          "dependencies": [
            "aws_apigatewayv2_api.websocket",
            "aws_dynamodb_table.connections",
            "aws_dynamodb_table.jobs",
            "aws_dynamodb_table.models",
            "aws_dynamodb_table.products",
            "aws_iam_role.lambda_exec",
            "aws_lambda_function.websocket_message",
            "aws_s3_bucket.vto",
            "data.archive_file.websocket_message",
            "data.aws_caller_identity.current"
          ]
        }
      ]
    },
    {
      "mode": "managed",
      "type": "aws_apigatewayv2_route",
      "name": "connect",
      "provider": "provider[\"registry.terraform.io/hashicorp/aws\"]",
      "instances": [
        {
          "schema_version": 0,
          "attributes": {
            "api_id": "kyi9zyw7mj",
            "api_key_required": true,
            "authorization_scopes": [],
            "authorization_type": "NONE",
            "authorizer_id": "",
            "id": "d7bpe5t",
            "model_selection_expression": "",
            "operation_name": "",
            "request_models": {},
            "request_parameter": [],
            "route_key": "$connect",
            "route_response_selection_expression": "",
            "target": "integrations/on09ah7"
          },
          "sensitive_attributes": [],
          "identity_schema_version": 0,
          "private": "bnVsbA==",
          "dependencies": [
            "aws_apigatewayv2_api.websocket",
            "aws_apigatewayv2_integration.connect",
            "aws_dynamodb_table.connections",
            "aws_iam_role.lambda_exec",
            "aws_lambda_function.websocket_connect",
            "data.archive_file.websocket_connect"
          ]
        }
      ]
    },
    {
      "mode": "managed",
      "type": "aws_apigatewayv2_route",
      "name": "default",
      "provider": "provider[\"registry.terraform.io/hashicorp/aws\"]",
      "instances": [
        {
          "schema_version": 0,
          "attributes": {
            "api_id": "kyi9zyw7mj",
            "api_key_required": false,
            "authorization_scopes": [],
            "authorization_type": "NONE",
            "authorizer_id": "",
            "id": "t1mf6z0",
            "model_selection_expression": "",
            "operation_name": "",
            "request_models": {},
            "request_parameter": [],
            "route_key": "$default",
            "route_response_selection_expression": "",
            "target": "integrations/dtg2bzt"
          },
          "sensitive_attributes": [],
          "identity_schema_version": 0,
          "private": "bnVsbA==",
          "dependencies": [
            "aws_apigatewayv2_api.websocket",
            "aws_apigatewayv2_integration.message",
            "aws_dynamodb_table.connections",
            "aws_dynamodb_table.jobs",
            "aws_dynamodb_table.models",
            "aws_dynamodb_table.products",
            "aws_iam_role.lambda_exec",
            "aws_lambda_function.websocket_message",
            "aws_s3_bucket.vto",
            "data.archive_file.websocket_message",
            "data.aws_caller_identity.current"
          ]
        }
      ]
    },
    {
      "mode": "managed",
      "type": "aws_apigatewayv2_route",
      "name": "disconnect",
      "provider": "provider[\"registry.terraform.io/hashicorp/aws\"]",
      "instances": [
        {
          "schema_version": 0,
          "attributes": {
            "api_id": "kyi9zyw7mj",
            "api_key_required": false,
            "authorization_scopes": [],
            "authorization_type": "NONE",
            "authorizer_id": "",
            "id": "41818dg",
            "model_selection_expression": "",
            "operation_name": "",
            "request_models": {},
            "request_parameter": [],
            "route_key": "$disconnect",
            "route_response_selection_expression": "",
            "target": "integrations/eb1k2rf"
          },
          "sensitive_attributes": [],
          "identity_schema_version": 0,
          "private": "bnVsbA==",
          "dependencies": [
            "aws_apigatewayv2_api.websocket",
            "aws_apigatewayv2_integration.disconnect",
            "aws_dynamodb_table.connections",
            "aws_iam_role.lambda_exec",
            "aws_lambda_function.websocket_disconnect",
            "data.archive_file.websocket_disconnect"
          ]
        }
      ]
    },
    {
      "mode": "managed",
      "type": "aws_apigatewayv2_stage",
      "name": "prod",
      "provider": "provider[\"registry.terraform.io/hashicorp/aws\"]",
      "instances": [
        {
          "schema_version": 0,
          "attributes": {
            "access_log_settings": [
              {
                "destination_arn": "arn:aws:logs:us-east-1:046029232490:log-group:/aws/apigateway/vto-websocket-access-logs",
                "format": "$context.requestId $context.ip $context.requestTime $context.routeKey $context.status $context.error.message $context.error.messageString $context.integrationRequestId $context.integrationStatus $context.integrationLatency $context.responseLatency"
              }
            ],
            "api_id": "kyi9zyw7mj",
            "arn": "arn:aws:apigateway:us-east-1::/apis/kyi9zyw7mj/stages/prod",
            "auto_deploy": true,
            "client_certificate_id": "",
            "default_route_settings": [
              {
                "data_trace_enabled": false,
                "detailed_metrics_enabled": false,
                "logging_level": "OFF",
                "throttling_burst_limit": 0,
                "throttling_rate_limit": 0
              }
            ],
            "deployment_id": "0cp3b7",
            "description": "",
            "execution_arn": "arn:aws:execute-api:us-east-1:046029232490:kyi9zyw7mj/prod",
            "id": "prod",
            "invoke_url": "wss://kyi9zyw7mj.execute-api.us-east-1.amazonaws.com/prod",
            "name": "prod",
            "route_settings": [],
            "stage_variables": {},
            "tags": {},
            "tags_all": {}
          },
          "sensitive_attributes": [],
          "identity_schema_version": 0,
          "private": "bnVsbA==",
          "dependencies": [
            "aws_api_gateway_account.main",
            "aws_apigatewayv2_api.websocket",
            "aws_apigatewayv2_integration.connect",
            "aws_apigatewayv2_integration.disconnect",
            "aws_apigatewayv2_integration.message",
            "aws_apigatewayv2_route.connect",
            "aws_apigatewayv2_route.default",
            "aws_apigatewayv2_route.disconnect",
            "aws_cloudwatch_log_group.websocket_access",
            "aws_dynamodb_table.connections",
            "aws_dynamodb_table.jobs",
            "aws_dynamodb_table.models",
            "aws_dynamodb_table.products",
            "aws_iam_role.apigw_logs",
            "aws_iam_role.lambda_exec",
            "aws_lambda_function.websocket_connect",
            "aws_lambda_function.websocket_disconnect",
            "aws_lambda_function.websocket_message",
            "aws_s3_bucket.vto",
            "data.archive_file.websocket_connect",
            "data.archive_file.websocket_disconnect",
            "data.archive_file.websocket_message",
            "data.aws_caller_identity.current"
          ]
        }
      ]
    },
    {
      "mode": "managed",
      "type": "aws_cloudtrail",
      "name": "vto",
      "provider": "provider[\"registry.terraform.io/hashicorp/aws\"]",
      "instances": [
        {
          "schema_version": 1,
          "attributes": {
            "advanced_event_selector": [],
            "arn": "arn:aws:cloudtrail:us-east-1:046029232490:trail/vto-dynamodb-trail",
            "cloud_watch_logs_group_arn": "arn:aws:logs:us-east-1:046029232490:log-group:/aws/cloudtrail/vto-dynamodb-events:*",
            "cloud_watch_logs_role_arn": "arn:aws:iam::046029232490:role/vto-cloudtrail-role",
            "enable_log_file_validation": true,
            "enable_logging": true,
            "event_selector": [
              {
                "data_resource": [],
                "exclude_management_event_sources": [],
                "include_management_events": true,
                "read_write_type": "All"
              }
            ],
            "home_region": "us-east-1",
            "id": "arn:aws:cloudtrail:us-east-1:046029232490:trail/vto-dynamodb-trail",
            "include_global_service_events": true,
            "insight_selector": [],
            "is_multi_region_trail": true,
            "is_organization_trail": false,
            "kms_key_id": "",
            "name": "vto-dynamodb-trail",
            "s3_bucket_name": "vto-cloudtrail-046029232490-us-east-1",
            "s3_key_prefix": "",
            "sns_topic_arn": "",
            "sns_topic_name": "",
            "tags": {},
            "tags_all": {}
          },
          "sensitive_attributes": [],
          "identity_schema_version": 0,
          "private": "eyJzY2hlbWFfdmVyc2lvbiI6IjEifQ==",
          "dependencies": [
            "aws_cloudwatch_log_group.cloudtrail",
            "aws_iam_role.cloudtrail",
            "aws_s3_bucket.cloudtrail",
            "aws_s3_bucket_policy.cloudtrail",
            "data.aws_caller_identity.current"
          ]
        }
      ]
    },
    {
      "mode": "managed",
      "type": "aws_cloudwatch_log_group",
      "name": "cloudtrail",
      "provider": "provider[\"registry.terraform.io/hashicorp/aws\"]",
      "instances": [
        {
          "schema_version": 0,
          "attributes": {
            "arn": "arn:aws:logs:us-east-1:046029232490:log-group:/aws/cloudtrail/vto-dynamodb-events",
            "id": "/aws/cloudtrail/vto-dynamodb-events",
            "kms_key_id": "",
            "log_group_class": "STANDARD",
            "name": "/aws/cloudtrail/vto-dynamodb-events",
            "name_prefix": "",
            "retention_in_days": 30,
            "skip_destroy": false,
            "tags": {},
            "tags_all": {}
          },
          "sensitive_attributes": [],
          "identity_schema_version": 0,
          "private": "bnVsbA=="
        }
      ]
    },
    {
      "mode": "managed",
      "type": "aws_cloudwatch_log_group",
      "name": "step_functions",
      "provider": "provider[\"registry.terraform.io/hashicorp/aws\"]",
      "instances": [
        {
          "schema_version": 0,
          "attributes": {
            "arn": "arn:aws:logs:us-east-1:046029232490:log-group:/aws/stepfunctions/vto-processing",
            "id": "/aws/stepfunctions/vto-processing",
            "kms_key_id": "",
            "log_group_class": "STANDARD",
            "name": "/aws/stepfunctions/vto-processing",
            "name_prefix": "",
            "retention_in_days": 7,
            "skip_destroy": false,
            "tags": {},
            "tags_all": {}
          },
          "sensitive_attributes": [],
          "identity_schema_version": 0,
          "private": "bnVsbA=="
        }
      ]
    },
    {
      "mode": "managed",
      "type": "aws_cloudwatch_log_group",
      "name": "websocket_access",
      "provider": "provider[\"registry.terraform.io/hashicorp/aws\"]",
      "instances": [
        {
          "schema_version": 0,
          "attributes": {
            "arn": "arn:aws:logs:us-east-1:046029232490:log-group:/aws/apigateway/vto-websocket-access-logs",
            "id": "/aws/apigateway/vto-websocket-access-logs",
            "kms_key_id": "",
            "log_group_class": "STANDARD",
            "name": "/aws/apigateway/vto-websocket-access-logs",
            "name_prefix": "",
            "retention_in_days": 30,
            "skip_destroy": false,
            "tags": {},
            "tags_all": {}
          },
          "sensitive_attributes": [],
          "identity_schema_version": 0,
          "private": "bnVsbA=="
        }
      ]
    },
    {
      "mode": "managed",
      "type": "aws_dynamodb_table",
      "name": "connections",
      "provider": "provider[\"registry.terraform.io/hashicorp/aws\"]",
      "instances": [
        {
          "schema_version": 1,
          "attributes": {
            "arn": "arn:aws:dynamodb:us-east-1:046029232490:table/vto-connections",
            "attribute": [
              {
                "name": "connection_id",
                "type": "S"
              }
            ],
            "billing_mode": "PAY_PER_REQUEST",
            "deletion_protection_enabled": false,
            "global_secondary_index": [],
            "hash_key": "connection_id",
            "id": "vto-connections",
            "import_table": [],
            "local_secondary_index": [],
            "name": "vto-connections",
            "on_demand_throughput": [],
            "point_in_time_recovery": [
              {
                "enabled": false,
                "recovery_period_in_days": 0
              }
            ],
            "range_key": null,
            "read_capacity": 0,
            "replica": [],
            "restore_date_time": null,
            "restore_source_name": null,
            "restore_source_table_arn": null,
            "restore_to_latest_time": null,
            "server_side_encryption": [
              {
                "enabled": true,
                "kms_key_arn": ""
              }
            ],
            "stream_arn": "",
            "stream_enabled": false,
            "stream_label": "",
            "stream_view_type": "",
            "table_class": "STANDARD",
            "tags": {
              "Project": "vto"
            },
            "tags_all": {
              "Project": "vto"
            },
            "timeouts": null,
            "ttl": [
              {
                "attribute_name": "ttl",
                "enabled": true
              }
            ],
            "write_capacity": 0
          },
          "sensitive_attributes": [],
          "identity_schema_version": 0,
          "private": "eyJlMmJmYjczMC1lY2FhLTExZTYtOGY4OC0zNDM2M2JjN2M0YzAiOnsiY3JlYXRlIjoxODAwMDAwMDAwMDAwLCJkZWxldGUiOjYwMDAwMDAwMDAwMCwidXBkYXRlIjozNjAwMDAwMDAwMDAwfSwic2NoZW1hX3ZlcnNpb24iOiIxIn0="
        }
      ]
    },
    {
      "mode": "managed",
      "type": "aws_dynamodb_table",
      "name": "jobs",
      "provider": "provider[\"registry.terraform.io/hashicorp/aws\"]",
      "instances": [
        {
          "schema_version": 1,
          "attributes": {
            "arn": "arn:aws:dynamodb:us-east-1:046029232490:table/vto-jobs",
            "attribute": [
              {
                "name": "id",
                "type": "S"
              }
            ],
            "billing_mode": "PAY_PER_REQUEST",
            "deletion_protection_enabled": false,
            "global_secondary_index": [],
            "hash_key": "id",
            "id": "vto-jobs",
            "import_table": [],
            "local_secondary_index": [],
            "name": "vto-jobs",
            "on_demand_throughput": [],
            "point_in_time_recovery": [
              {
                "enabled": false,
                "recovery_period_in_days": 0
              }
            ],
            "range_key": null,
            "read_capacity": 0,
            "replica": [],
            "restore_date_time": null,
            "restore_source_name": null,
            "restore_source_table_arn": null,
            "restore_to_latest_time": null,
            "server_side_encryption": [
              {
                "enabled": true,
                "kms_key_arn": ""
              }
            ],
            "stream_arn": "arn:aws:dynamodb:us-east-1:046029232490:table/vto-jobs/stream/2026-05-21T12:44:04.996",
            "stream_enabled": true,
            "stream_label": "2026-05-21T12:44:04.996",
            "stream_view_type": "NEW_AND_OLD_IMAGES",
            "table_class": "STANDARD",
            "tags": {
              "Project": "vto"
            },
            "tags_all": {
              "Project": "vto"
            },
            "timeouts": null,
            "ttl": [
              {
                "attribute_name": "",
                "enabled": false
              }
            ],
            "write_capacity": 0
          },
          "sensitive_attributes": [],
          "identity_schema_version": 0,
          "private": "eyJlMmJmYjczMC1lY2FhLTExZTYtOGY4OC0zNDM2M2JjN2M0YzAiOnsiY3JlYXRlIjoxODAwMDAwMDAwMDAwLCJkZWxldGUiOjYwMDAwMDAwMDAwMCwidXBkYXRlIjozNjAwMDAwMDAwMDAwfSwic2NoZW1hX3ZlcnNpb24iOiIxIn0="
        }
      ]
    },
    {
      "mode": "managed",
      "type": "aws_dynamodb_table",
      "name": "models",
      "provider": "provider[\"registry.terraform.io/hashicorp/aws\"]",
      "instances": [
        {
          "schema_version": 1,
          "attributes": {
            "arn": "arn:aws:dynamodb:us-east-1:046029232490:table/vto-models",
            "attribute": [
              {
                "name": "model_id",
                "type": "S"
              }
            ],
            "billing_mode": "PAY_PER_REQUEST",
            "deletion_protection_enabled": false,
            "global_secondary_index": [],
            "hash_key": "model_id",
            "id": "vto-models",
            "import_table": [],
            "local_secondary_index": [],
            "name": "vto-models",
            "on_demand_throughput": [],
            "point_in_time_recovery": [
              {
                "enabled": false,
                "recovery_period_in_days": 0
              }
            ],
            "range_key": null,
            "read_capacity": 0,
            "replica": [],
            "restore_date_time": null,
            "restore_source_name": null,
            "restore_source_table_arn": null,
            "restore_to_latest_time": null,
            "server_side_encryption": [
              {
                "enabled": true,
                "kms_key_arn": ""
              }
            ],
            "stream_arn": "",
            "stream_enabled": false,
            "stream_label": "",
            "stream_view_type": "",
            "table_class": "STANDARD",
            "tags": {
              "Project": "vto"
            },
            "tags_all": {
              "Project": "vto"
            },
            "timeouts": null,
            "ttl": [
              {
                "attribute_name": "",
                "enabled": false
              }
            ],
            "write_capacity": 0
          },
          "sensitive_attributes": [],
          "identity_schema_version": 0,
          "private": "eyJlMmJmYjczMC1lY2FhLTExZTYtOGY4OC0zNDM2M2JjN2M0YzAiOnsiY3JlYXRlIjoxODAwMDAwMDAwMDAwLCJkZWxldGUiOjYwMDAwMDAwMDAwMCwidXBkYXRlIjozNjAwMDAwMDAwMDAwfSwic2NoZW1hX3ZlcnNpb24iOiIxIn0="
        }
      ]
    },
    {
      "mode": "managed",
      "type": "aws_dynamodb_table",
      "name": "products",
      "provider": "provider[\"registry.terraform.io/hashicorp/aws\"]",
      "instances": [
        {
          "schema_version": 1,
          "attributes": {
            "arn": "arn:aws:dynamodb:us-east-1:046029232490:table/vto-products",
            "attribute": [
              {
                "name": "product_id",
                "type": "S"
              }
            ],
            "billing_mode": "PAY_PER_REQUEST",
            "deletion_protection_enabled": false,
            "global_secondary_index": [],
            "hash_key": "product_id",
            "id": "vto-products",
            "import_table": [],
            "local_secondary_index": [],
            "name": "vto-products",
            "on_demand_throughput": [],
            "point_in_time_recovery": [
              {
                "enabled": false,
                "recovery_period_in_days": 0
              }
            ],
            "range_key": null,
            "read_capacity": 0,
            "replica": [],
            "restore_date_time": null,
            "restore_source_name": null,
            "restore_source_table_arn": null,
            "restore_to_latest_time": null,
            "server_side_encryption": [
              {
                "enabled": true,
                "kms_key_arn": ""
              }
            ],
            "stream_arn": "",
            "stream_enabled": false,
            "stream_label": "",
            "stream_view_type": "",
            "table_class": "STANDARD",
            "tags": {
              "Project": "vto"
            },
            "tags_all": {
              "Project": "vto"
            },
            "timeouts": null,
            "ttl": [
              {
                "attribute_name": "",
                "enabled": false
              }
            ],
            "write_capacity": 0
          },
          "sensitive_attributes": [],
          "identity_schema_version": 0,
          "private": "eyJlMmJmYjczMC1lY2FhLTExZTYtOGY4OC0zNDM2M2JjN2M0YzAiOnsiY3JlYXRlIjoxODAwMDAwMDAwMDAwLCJkZWxldGUiOjYwMDAwMDAwMDAwMCwidXBkYXRlIjozNjAwMDAwMDAwMDAwfSwic2NoZW1hX3ZlcnNpb24iOiIxIn0="
        }
      ]
    },
    {
      "mode": "managed",
      "type": "aws_iam_role",
      "name": "apigw_logs",
      "provider": "provider[\"registry.terraform.io/hashicorp/aws\"]",
      "instances": [
        {
          "schema_version": 0,
          "attributes": {
            "arn": "arn:aws:iam::046029232490:role/vto-apigw-logs-role",
            "assume_role_policy": "{\"Statement\":[{\"Action\":\"sts:AssumeRole\",\"Effect\":\"Allow\",\"Principal\":{\"Service\":\"apigateway.amazonaws.com\"}}],\"Version\":\"2012-10-17\"}",
            "create_date": "2026-05-21T12:44:05Z",
            "description": "",
            "force_detach_policies": false,
            "id": "vto-apigw-logs-role",
            "inline_policy": [],
            "managed_policy_arns": [
              "arn:aws:iam::aws:policy/service-role/AmazonAPIGatewayPushToCloudWatchLogs"
            ],
            "max_session_duration": 3600,
            "name": "vto-apigw-logs-role",
            "name_prefix": "",
            "path": "/",
            "permissions_boundary": "",
            "tags": {},
            "tags_all": {},
            "unique_id": "AROAQVN4OLFVNUK7PV7W6"
          },
          "sensitive_attributes": [],
          "identity_schema_version": 0,
          "private": "bnVsbA=="
        }
      ]
    },
    {
      "mode": "managed",
      "type": "aws_iam_role",
      "name": "cloudtrail",
      "provider": "provider[\"registry.terraform.io/hashicorp/aws\"]",
      "instances": [
        {
          "schema_version": 0,
          "attributes": {
            "arn": "arn:aws:iam::046029232490:role/vto-cloudtrail-role",
            "assume_role_policy": "{\"Statement\":[{\"Action\":\"sts:AssumeRole\",\"Effect\":\"Allow\",\"Principal\":{\"Service\":\"cloudtrail.amazonaws.com\"}}],\"Version\":\"2012-10-17\"}",
            "create_date": "2026-05-21T12:44:06Z",
            "description": "",
            "force_detach_policies": false,
            "id": "vto-cloudtrail-role",
            "inline_policy": [
              {
                "name": "vto-cloudtrail-policy",
                "policy": "{\"Version\":\"2012-10-17\",\"Statement\":[{\"Action\":[\"logs:PutLogEvents\",\"logs:CreateLogGroup\",\"logs:CreateLogStream\"],\"Effect\":\"Allow\",\"Resource\":\"arn:aws:logs:us-east-1:046029232490:log-group:/aws/cloudtrail/vto-dynamodb-events:*\"}]}"
              }
            ],
            "managed_policy_arns": [],
            "max_session_duration": 3600,
            "name": "vto-cloudtrail-role",
            "name_prefix": "",
            "path": "/",
            "permissions_boundary": "",
            "tags": {},
            "tags_all": {},
            "unique_id": "AROAQVN4OLFVJFKEQQG33"
          },
          "sensitive_attributes": [],
          "identity_schema_version": 0,
          "private": "bnVsbA=="
        }
      ]
    },
    {
      "mode": "managed",
      "type": "aws_iam_role",
      "name": "lambda_exec",
      "provider": "provider[\"registry.terraform.io/hashicorp/aws\"]",
      "instances": [
        {
          "schema_version": 0,
          "attributes": {
            "arn": "arn:aws:iam::046029232490:role/vto-lambda-exec-role",
            "assume_role_policy": "{\"Statement\":[{\"Action\":\"sts:AssumeRole\",\"Effect\":\"Allow\",\"Principal\":{\"Service\":\"lambda.amazonaws.com\"}}],\"Version\":\"2012-10-17\"}",
            "create_date": "2026-05-21T12:44:05Z",
            "description": "",
            "force_detach_policies": false,
            "id": "vto-lambda-exec-role",
            "inline_policy": [
              {
                "name": "vto-canvas-processor-policy",
                "policy": "{\"Version\":\"2012-10-17\",\"Statement\":[{\"Action\":[\"dynamodb:GetItem\",\"dynamodb:PutItem\",\"dynamodb:UpdateItem\"],\"Effect\":\"Allow\",\"Resource\":\"arn:aws:dynamodb:us-east-1:046029232490:table/vto-jobs\"},{\"Action\":[\"s3:GetObject\",\"s3:PutObject\",\"s3:HeadObject\"],\"Effect\":\"Allow\",\"Resource\":\"arn:aws:s3:::vto-demo-bucket-046029232490-us-east-1/*\"},{\"Action\":[\"bedrock:InvokeModel\"],\"Effect\":\"Allow\",\"Resource\":[\"arn:aws:bedrock:*::foundation-model/stability.stable-image-inpaint-v1:0\",\"arn:aws:bedrock:us-east-1:046029232490:inference-profile/us.stability.stable-image-inpaint-v1:0\"]},{\"Action\":[\"execute-api:ManageConnections\"],\"Effect\":\"Allow\",\"Resource\":\"arn:aws:execute-api:us-east-1:046029232490:kyi9zyw7mj/*\"}]}"
              },
              {
                "name": "vto-s3-models-handler-policy",
                "policy": "{\"Version\":\"2012-10-17\",\"Statement\":[{\"Action\":[\"dynamodb:GetItem\",\"dynamodb:PutItem\",\"dynamodb:UpdateItem\"],\"Effect\":\"Allow\",\"Resource\":\"arn:aws:dynamodb:us-east-1:046029232490:table/vto-models\"},{\"Action\":[\"s3:GetObject\",\"s3:HeadObject\"],\"Effect\":\"Allow\",\"Resource\":\"arn:aws:s3:::vto-demo-bucket-046029232490-us-east-1/*\"},{\"Action\":[\"sqs:ReceiveMessage\",\"sqs:DeleteMessage\",\"sqs:GetQueueAttributes\"],\"Effect\":\"Allow\",\"Resource\":\"arn:aws:sqs:us-east-1:046029232490:vto-models-queue\"}]}"
              },
              {
                "name": "vto-s3-products-handler-policy",
                "policy": "{\"Version\":\"2012-10-17\",\"Statement\":[{\"Action\":[\"dynamodb:GetItem\",\"dynamodb:PutItem\",\"dynamodb:UpdateItem\"],\"Effect\":\"Allow\",\"Resource\":\"arn:aws:dynamodb:us-east-1:046029232490:table/vto-products\"},{\"Action\":[\"s3:GetObject\",\"s3:HeadObject\"],\"Effect\":\"Allow\",\"Resource\":\"arn:aws:s3:::vto-demo-bucket-046029232490-us-east-1/*\"},{\"Action\":[\"sqs:ReceiveMessage\",\"sqs:DeleteMessage\",\"sqs:GetQueueAttributes\"],\"Effect\":\"Allow\",\"Resource\":\"arn:aws:sqs:us-east-1:046029232490:vto-products-queue\"}]}"
              },
              {
                "name": "vto-s3-result-handler-policy",
                "policy": "{\"Version\":\"2012-10-17\",\"Statement\":[{\"Action\":[\"dynamodb:GetItem\",\"dynamodb:UpdateItem\"],\"Effect\":\"Allow\",\"Resource\":\"arn:aws:dynamodb:us-east-1:046029232490:table/vto-jobs\"},{\"Action\":[\"s3:GetObject\",\"s3:GeneratePresignedUrl\"],\"Effect\":\"Allow\",\"Resource\":\"arn:aws:s3:::vto-demo-bucket-046029232490-us-east-1/*\"},{\"Action\":[\"sqs:ReceiveMessage\",\"sqs:DeleteMessage\",\"sqs:GetQueueAttributes\"],\"Effect\":\"Allow\",\"Resource\":\"arn:aws:sqs:us-east-1:046029232490:vto-results-queue\"},{\"Action\":[\"execute-api:ManageConnections\"],\"Effect\":\"Allow\",\"Resource\":\"arn:aws:execute-api:us-east-1:046029232490:kyi9zyw7mj/*\"}]}"
              },
              {
                "name": "vto-stream-trigger-policy",
                "policy": "{\"Version\":\"2012-10-17\",\"Statement\":[{\"Action\":[\"dynamodb:GetRecords\",\"dynamodb:GetShardIterator\",\"dynamodb:DescribeStream\",\"dynamodb:ListStreams\"],\"Effect\":\"Allow\",\"Resource\":\"arn:aws:dynamodb:us-east-1:046029232490:table/vto-jobs/stream/2026-05-21T12:44:04.996\"},{\"Action\":[\"states:StartExecution\"],\"Effect\":\"Allow\",\"Resource\":\"arn:aws:states:us-east-1:046029232490:stateMachine:vto-processing\"}]}"
              },
              {
                "name": "vto-ws-connect-policy",
                "policy": "{\"Version\":\"2012-10-17\",\"Statement\":[{\"Action\":[\"dynamodb:PutItem\",\"dynamodb:GetItem\",\"dynamodb:UpdateItem\",\"dynamodb:DeleteItem\"],\"Effect\":\"Allow\",\"Resource\":\"arn:aws:dynamodb:us-east-1:046029232490:table/vto-connections\"},{\"Action\":[\"execute-api:ManageConnections\"],\"Effect\":\"Allow\",\"Resource\":\"arn:aws:execute-api:us-east-1:046029232490:kyi9zyw7mj/*\"}]}"
              },
              {
                "name": "vto-ws-message-policy",
                "policy": "{\"Version\":\"2012-10-17\",\"Statement\":[{\"Action\":[\"dynamodb:GetItem\",\"dynamodb:PutItem\",\"dynamodb:UpdateItem\",\"dynamodb:DeleteItem\",\"dynamodb:Scan\"],\"Effect\":\"Allow\",\"Resource\":[\"arn:aws:dynamodb:us-east-1:046029232490:table/vto-connections\",\"arn:aws:dynamodb:us-east-1:046029232490:table/vto-jobs\",\"arn:aws:dynamodb:us-east-1:046029232490:table/vto-products\",\"arn:aws:dynamodb:us-east-1:046029232490:table/vto-models\"]},{\"Action\":[\"s3:GetObject\",\"s3:HeadObject\"],\"Effect\":\"Allow\",\"Resource\":\"arn:aws:s3:::vto-demo-bucket-046029232490-us-east-1/*\"},{\"Action\":[\"execute-api:ManageConnections\"],\"Effect\":\"Allow\",\"Resource\":\"arn:aws:execute-api:us-east-1:046029232490:kyi9zyw7mj/*\"}]}"
              }
            ],
            "managed_policy_arns": [
              "arn:aws:iam::aws:policy/service-role/AWSLambdaBasicExecutionRole"
            ],
            "max_session_duration": 3600,
            "name": "vto-lambda-exec-role",
            "name_prefix": "",
            "path": "/",
            "permissions_boundary": "",
            "tags": {},
            "tags_all": {},
            "unique_id": "AROAQVN4OLFVIBRHQHPIO"
          },
          "sensitive_attributes": [],
          "identity_schema_version": 0,
          "private": "bnVsbA=="
        }
      ]
    },
    {
      "mode": "managed",
      "type": "aws_iam_role",
      "name": "step_functions",
      "provider": "provider[\"registry.terraform.io/hashicorp/aws\"]",
      "instances": [
        {
          "schema_version": 0,
          "attributes": {
            "arn": "arn:aws:iam::046029232490:role/vto-stepfunctions-role",
            "assume_role_policy": "{\"Statement\":[{\"Action\":\"sts:AssumeRole\",\"Effect\":\"Allow\",\"Principal\":{\"Service\":\"states.amazonaws.com\"}}],\"Version\":\"2012-10-17\"}",
            "create_date": "2026-05-21T12:44:06Z",
            "description": "",
            "force_detach_policies": false,
            "id": "vto-stepfunctions-role",
            "inline_policy": [
              {
                "name": "vto-stepfunctions-policy",
                "policy": "{\"Version\":\"2012-10-17\",\"Statement\":[{\"Action\":[\"lambda:InvokeFunction\"],\"Effect\":\"Allow\",\"Resource\":\"arn:aws:lambda:us-east-1:046029232490:function:vto-canvas-processor\"},{\"Action\":[\"dynamodb:GetItem\",\"dynamodb:PutItem\",\"dynamodb:UpdateItem\"],\"Effect\":\"Allow\",\"Resource\":\"arn:aws:dynamodb:us-east-1:046029232490:table/vto-jobs\"},{\"Action\":[\"sqs:SendMessage\"],\"Effect\":\"Allow\",\"Resource\":\"arn:aws:sqs:us-east-1:046029232490:vto-results-queue\"},{\"Action\":[\"logs:CreateLogDelivery\",\"logs:GetLogDelivery\",\"logs:UpdateLogDelivery\",\"logs:DeleteLogDelivery\",\"logs:ListLogDeliveries\",\"logs:PutResourcePolicy\",\"logs:DescribeResourcePolicies\",\"logs:DescribeLogGroups\"],\"Effect\":\"Allow\",\"Resource\":\"*\"},{\"Action\":[\"xray:PutTraceSegments\",\"xray:PutTelemetryRecords\",\"xray:GetSamplingRules\",\"xray:GetSamplingTargets\"],\"Effect\":\"Allow\",\"Resource\":\"*\"}]}"
              }
            ],
            "managed_policy_arns": [],
            "max_session_duration": 3600,
            "name": "vto-stepfunctions-role",
            "name_prefix": "",
            "path": "/",
            "permissions_boundary": "",
            "tags": {},
            "tags_all": {},
            "unique_id": "AROAQVN4OLFVAJHSFSMGW"
          },
          "sensitive_attributes": [],
          "identity_schema_version": 0,
          "private": "bnVsbA=="
        }
      ]
    },
    {
      "mode": "managed",
      "type": "aws_iam_role_policy",
      "name": "canvas_processor",
      "provider": "provider[\"registry.terraform.io/hashicorp/aws\"]",
      "instances": [
        {
          "schema_version": 0,
          "attributes": {
            "id": "vto-lambda-exec-role:vto-canvas-processor-policy",
            "name": "vto-canvas-processor-policy",
            "name_prefix": "",
            "policy": "{\"Version\":\"2012-10-17\",\"Statement\":[{\"Action\":[\"dynamodb:GetItem\",\"dynamodb:PutItem\",\"dynamodb:UpdateItem\"],\"Effect\":\"Allow\",\"Resource\":\"arn:aws:dynamodb:us-east-1:046029232490:table/vto-jobs\"},{\"Action\":[\"s3:GetObject\",\"s3:PutObject\",\"s3:HeadObject\"],\"Effect\":\"Allow\",\"Resource\":\"arn:aws:s3:::vto-demo-bucket-046029232490-us-east-1/*\"},{\"Action\":[\"bedrock:InvokeModel\"],\"Effect\":\"Allow\",\"Resource\":[\"arn:aws:bedrock:*::foundation-model/stability.stable-image-inpaint-v1:0\",\"arn:aws:bedrock:us-east-1:046029232490:inference-profile/us.stability.stable-image-inpaint-v1:0\"]},{\"Action\":[\"aws-marketplace:ViewSubscriptions\",\"aws-marketplace:Subscribe\",\"aws-marketplace:Unsubscribe\"],\"Effect\":\"Allow\",\"Resource\":\"*\"},{\"Action\":[\"execute-api:ManageConnections\"],\"Effect\":\"Allow\",\"Resource\":\"arn:aws:execute-api:us-east-1:046029232490:kyi9zyw7mj/*\"}]}",
            "role": "vto-lambda-exec-role"
          },
          "sensitive_attributes": [],
          "identity_schema_version": 0,
          "private": "bnVsbA==",
          "dependencies": [
            "aws_apigatewayv2_api.websocket",
            "aws_dynamodb_table.jobs",
            "aws_iam_role.lambda_exec",
            "aws_s3_bucket.vto",
            "data.aws_caller_identity.current"
          ]
        }
      ]
    },
    {
      "mode": "managed",
      "type": "aws_iam_role_policy",
      "name": "cloudtrail",
      "provider": "provider[\"registry.terraform.io/hashicorp/aws\"]",
      "instances": [
        {
          "schema_version": 0,
          "attributes": {
            "id": "vto-cloudtrail-role:vto-cloudtrail-policy",
            "name": "vto-cloudtrail-policy",
            "name_prefix": "",
            "policy": "{\"Version\":\"2012-10-17\",\"Statement\":[{\"Action\":[\"logs:PutLogEvents\",\"logs:CreateLogGroup\",\"logs:CreateLogStream\"],\"Effect\":\"Allow\",\"Resource\":\"arn:aws:logs:us-east-1:046029232490:log-group:/aws/cloudtrail/vto-dynamodb-events:*\"}]}",
            "role": "vto-cloudtrail-role"
          },
          "sensitive_attributes": [],
          "identity_schema_version": 0,
          "private": "bnVsbA==",
          "dependencies": [
            "aws_cloudwatch_log_group.cloudtrail",
            "aws_iam_role.cloudtrail"
          ]
        }
      ]
    },
    {
      "mode": "managed",
      "type": "aws_iam_role_policy",
      "name": "s3_models_handler",
      "provider": "provider[\"registry.terraform.io/hashicorp/aws\"]",
      "instances": [
        {
          "schema_version": 0,
          "attributes": {
            "id": "vto-lambda-exec-role:vto-s3-models-handler-policy",
            "name": "vto-s3-models-handler-policy",
            "name_prefix": "",
            "policy": "{\"Version\":\"2012-10-17\",\"Statement\":[{\"Action\":[\"dynamodb:GetItem\",\"dynamodb:PutItem\",\"dynamodb:UpdateItem\"],\"Effect\":\"Allow\",\"Resource\":\"arn:aws:dynamodb:us-east-1:046029232490:table/vto-models\"},{\"Action\":[\"s3:GetObject\",\"s3:HeadObject\"],\"Effect\":\"Allow\",\"Resource\":\"arn:aws:s3:::vto-demo-bucket-046029232490-us-east-1/*\"},{\"Action\":[\"sqs:ReceiveMessage\",\"sqs:DeleteMessage\",\"sqs:GetQueueAttributes\"],\"Effect\":\"Allow\",\"Resource\":\"arn:aws:sqs:us-east-1:046029232490:vto-models-queue\"}]}",
            "role": "vto-lambda-exec-role"
          },
          "sensitive_attributes": [],
          "identity_schema_version": 0,
          "private": "bnVsbA==",
          "dependencies": [
            "aws_dynamodb_table.models",
            "aws_iam_role.lambda_exec",
            "aws_s3_bucket.vto",
            "aws_sqs_queue.models",
            "aws_sqs_queue.products_dlq",
            "data.aws_caller_identity.current"
          ]
        }
      ]
    },
    {
      "mode": "managed",
      "type": "aws_iam_role_policy",
      "name": "s3_products_handler",
      "provider": "provider[\"registry.terraform.io/hashicorp/aws\"]",
      "instances": [
        {
          "schema_version": 0,
          "attributes": {
            "id": "vto-lambda-exec-role:vto-s3-products-handler-policy",
            "name": "vto-s3-products-handler-policy",
            "name_prefix": "",
            "policy": "{\"Version\":\"2012-10-17\",\"Statement\":[{\"Action\":[\"dynamodb:GetItem\",\"dynamodb:PutItem\",\"dynamodb:UpdateItem\"],\"Effect\":\"Allow\",\"Resource\":\"arn:aws:dynamodb:us-east-1:046029232490:table/vto-products\"},{\"Action\":[\"s3:GetObject\",\"s3:HeadObject\"],\"Effect\":\"Allow\",\"Resource\":\"arn:aws:s3:::vto-demo-bucket-046029232490-us-east-1/*\"},{\"Action\":[\"sqs:ReceiveMessage\",\"sqs:DeleteMessage\",\"sqs:GetQueueAttributes\"],\"Effect\":\"Allow\",\"Resource\":\"arn:aws:sqs:us-east-1:046029232490:vto-products-queue\"}]}",
            "role": "vto-lambda-exec-role"
          },
          "sensitive_attributes": [],
          "identity_schema_version": 0,
          "private": "bnVsbA==",
          "dependencies": [
            "aws_dynamodb_table.products",
            "aws_iam_role.lambda_exec",
            "aws_s3_bucket.vto",
            "aws_sqs_queue.products",
            "aws_sqs_queue.products_dlq",
            "data.aws_caller_identity.current"
          ]
        }
      ]
    },
    {
      "mode": "managed",
      "type": "aws_iam_role_policy",
      "name": "s3_result_handler",
      "provider": "provider[\"registry.terraform.io/hashicorp/aws\"]",
      "instances": [
        {
          "schema_version": 0,
          "attributes": {
            "id": "vto-lambda-exec-role:vto-s3-result-handler-policy",
            "name": "vto-s3-result-handler-policy",
            "name_prefix": "",
            "policy": "{\"Version\":\"2012-10-17\",\"Statement\":[{\"Action\":[\"dynamodb:GetItem\",\"dynamodb:UpdateItem\"],\"Effect\":\"Allow\",\"Resource\":\"arn:aws:dynamodb:us-east-1:046029232490:table/vto-jobs\"},{\"Action\":[\"s3:GetObject\",\"s3:GeneratePresignedUrl\"],\"Effect\":\"Allow\",\"Resource\":\"arn:aws:s3:::vto-demo-bucket-046029232490-us-east-1/*\"},{\"Action\":[\"sqs:ReceiveMessage\",\"sqs:DeleteMessage\",\"sqs:GetQueueAttributes\"],\"Effect\":\"Allow\",\"Resource\":\"arn:aws:sqs:us-east-1:046029232490:vto-results-queue\"},{\"Action\":[\"execute-api:ManageConnections\"],\"Effect\":\"Allow\",\"Resource\":\"arn:aws:execute-api:us-east-1:046029232490:kyi9zyw7mj/*\"}]}",
            "role": "vto-lambda-exec-role"
          },
          "sensitive_attributes": [],
          "identity_schema_version": 0,
          "private": "bnVsbA==",
          "dependencies": [
            "aws_apigatewayv2_api.websocket",
            "aws_dynamodb_table.jobs",
            "aws_iam_role.lambda_exec",
            "aws_s3_bucket.vto",
            "aws_sqs_queue.results",
            "aws_sqs_queue.results_dlq",
            "data.aws_caller_identity.current"
          ]
        }
      ]
    },
    {
      "mode": "managed",
      "type": "aws_iam_role_policy",
      "name": "step_functions",
      "provider": "provider[\"registry.terraform.io/hashicorp/aws\"]",
      "instances": [
        {
          "schema_version": 0,
          "attributes": {
            "id": "vto-stepfunctions-role:vto-stepfunctions-policy",
            "name": "vto-stepfunctions-policy",
            "name_prefix": "",
            "policy": "{\"Version\":\"2012-10-17\",\"Statement\":[{\"Action\":[\"lambda:InvokeFunction\"],\"Effect\":\"Allow\",\"Resource\":\"arn:aws:lambda:us-east-1:046029232490:function:vto-canvas-processor\"},{\"Action\":[\"dynamodb:GetItem\",\"dynamodb:PutItem\",\"dynamodb:UpdateItem\"],\"Effect\":\"Allow\",\"Resource\":\"arn:aws:dynamodb:us-east-1:046029232490:table/vto-jobs\"},{\"Action\":[\"sqs:SendMessage\"],\"Effect\":\"Allow\",\"Resource\":\"arn:aws:sqs:us-east-1:046029232490:vto-results-queue\"},{\"Action\":[\"logs:CreateLogDelivery\",\"logs:GetLogDelivery\",\"logs:UpdateLogDelivery\",\"logs:DeleteLogDelivery\",\"logs:ListLogDeliveries\",\"logs:PutResourcePolicy\",\"logs:DescribeResourcePolicies\",\"logs:DescribeLogGroups\"],\"Effect\":\"Allow\",\"Resource\":\"*\"},{\"Action\":[\"xray:PutTraceSegments\",\"xray:PutTelemetryRecords\",\"xray:GetSamplingRules\",\"xray:GetSamplingTargets\"],\"Effect\":\"Allow\",\"Resource\":\"*\"}]}",
            "role": "vto-stepfunctions-role"
          },
          "sensitive_attributes": [],
          "identity_schema_version": 0,
          "private": "bnVsbA==",
          "dependencies": [
            "aws_apigatewayv2_api.websocket",
            "aws_dynamodb_table.jobs",
            "aws_iam_role.lambda_exec",
            "aws_iam_role.step_functions",
            "aws_lambda_function.canvas_processor",
            "aws_s3_bucket.vto",
            "aws_sqs_queue.results",
            "aws_sqs_queue.results_dlq",
            "data.archive_file.canvas_processor",
            "data.aws_caller_identity.current"
          ]
        }
      ]
    },
    {
      "mode": "managed",
      "type": "aws_iam_role_policy",
      "name": "stream_trigger",
      "provider": "provider[\"registry.terraform.io/hashicorp/aws\"]",
      "instances": [
        {
          "schema_version": 0,
          "attributes": {
            "id": "vto-lambda-exec-role:vto-stream-trigger-policy",
            "name": "vto-stream-trigger-policy",
            "name_prefix": "",
            "policy": "{\"Version\":\"2012-10-17\",\"Statement\":[{\"Action\":[\"dynamodb:GetRecords\",\"dynamodb:GetShardIterator\",\"dynamodb:DescribeStream\",\"dynamodb:ListStreams\"],\"Effect\":\"Allow\",\"Resource\":\"arn:aws:dynamodb:us-east-1:046029232490:table/vto-jobs/stream/2026-05-21T12:44:04.996\"},{\"Action\":[\"states:StartExecution\"],\"Effect\":\"Allow\",\"Resource\":\"arn:aws:states:us-east-1:046029232490:stateMachine:vto-processing\"}]}",
            "role": "vto-lambda-exec-role"
          },
          "sensitive_attributes": [],
          "identity_schema_version": 0,
          "private": "bnVsbA==",
          "dependencies": [
            "aws_apigatewayv2_api.websocket",
            "aws_cloudwatch_log_group.step_functions",
            "aws_dynamodb_table.jobs",
            "aws_iam_role.lambda_exec",
            "aws_iam_role.step_functions",
            "aws_lambda_function.canvas_processor",
            "aws_s3_bucket.vto",
            "aws_sfn_state_machine.vto",
            "aws_sqs_queue.results",
            "aws_sqs_queue.results_dlq",
            "data.archive_file.canvas_processor",
            "data.aws_caller_identity.current"
          ]
        }
      ]
    },
    {
      "mode": "managed",
      "type": "aws_iam_role_policy",
      "name": "ws_connect",
      "provider": "provider[\"registry.terraform.io/hashicorp/aws\"]",
      "instances": [
        {
          "schema_version": 0,
          "attributes": {
            "id": "vto-lambda-exec-role:vto-ws-connect-policy",
            "name": "vto-ws-connect-policy",
            "name_prefix": "",
            "policy": "{\"Version\":\"2012-10-17\",\"Statement\":[{\"Action\":[\"dynamodb:PutItem\",\"dynamodb:GetItem\",\"dynamodb:UpdateItem\",\"dynamodb:DeleteItem\"],\"Effect\":\"Allow\",\"Resource\":\"arn:aws:dynamodb:us-east-1:046029232490:table/vto-connections\"},{\"Action\":[\"execute-api:ManageConnections\"],\"Effect\":\"Allow\",\"Resource\":\"arn:aws:execute-api:us-east-1:046029232490:kyi9zyw7mj/*\"}]}",
            "role": "vto-lambda-exec-role"
          },
          "sensitive_attributes": [],
          "identity_schema_version": 0,
          "private": "bnVsbA==",
          "dependencies": [
            "aws_apigatewayv2_api.websocket",
            "aws_dynamodb_table.connections",
            "aws_iam_role.lambda_exec",
            "data.aws_caller_identity.current"
          ]
        }
      ]
    },
    {
      "mode": "managed",
      "type": "aws_iam_role_policy",
      "name": "ws_message",
      "provider": "provider[\"registry.terraform.io/hashicorp/aws\"]",
      "instances": [
        {
          "schema_version": 0,
          "attributes": {
            "id": "vto-lambda-exec-role:vto-ws-message-policy",
            "name": "vto-ws-message-policy",
            "name_prefix": "",
            "policy": "{\"Version\":\"2012-10-17\",\"Statement\":[{\"Action\":[\"dynamodb:GetItem\",\"dynamodb:PutItem\",\"dynamodb:UpdateItem\",\"dynamodb:DeleteItem\",\"dynamodb:Scan\"],\"Effect\":\"Allow\",\"Resource\":[\"arn:aws:dynamodb:us-east-1:046029232490:table/vto-connections\",\"arn:aws:dynamodb:us-east-1:046029232490:table/vto-jobs\",\"arn:aws:dynamodb:us-east-1:046029232490:table/vto-products\",\"arn:aws:dynamodb:us-east-1:046029232490:table/vto-models\"]},{\"Action\":[\"s3:GetObject\",\"s3:HeadObject\"],\"Effect\":\"Allow\",\"Resource\":\"arn:aws:s3:::vto-demo-bucket-046029232490-us-east-1/*\"},{\"Action\":[\"execute-api:ManageConnections\"],\"Effect\":\"Allow\",\"Resource\":\"arn:aws:execute-api:us-east-1:046029232490:kyi9zyw7mj/*\"}]}",
            "role": "vto-lambda-exec-role"
          },
          "sensitive_attributes": [],
          "identity_schema_version": 0,
          "private": "bnVsbA==",
          "dependencies": [
            "aws_apigatewayv2_api.websocket",
            "aws_dynamodb_table.connections",
            "aws_dynamodb_table.jobs",
            "aws_dynamodb_table.models",
            "aws_dynamodb_table.products",
            "aws_iam_role.lambda_exec",
            "aws_s3_bucket.vto",
            "data.aws_caller_identity.current"
          ]
        }
      ]
    },
    {
      "mode": "managed",
      "type": "aws_iam_role_policy_attachment",
      "name": "apigw_logs",
      "provider": "provider[\"registry.terraform.io/hashicorp/aws\"]",
      "instances": [
        {
          "schema_version": 0,
          "attributes": {
            "id": "vto-apigw-logs-role-20260521124342812600000001",
            "policy_arn": "arn:aws:iam::aws:policy/service-role/AmazonAPIGatewayPushToCloudWatchLogs",
            "role": "vto-apigw-logs-role"
          },
          "sensitive_attributes": [],
          "identity_schema_version": 0,
          "private": "bnVsbA==",
          "dependencies": [
            "aws_iam_role.apigw_logs"
          ]
        }
      ]
    },
    {
      "mode": "managed",
      "type": "aws_iam_role_policy_attachment",
      "name": "lambda_basic",
      "provider": "provider[\"registry.terraform.io/hashicorp/aws\"]",
      "instances": [
        {
          "schema_version": 0,
          "attributes": {
            "id": "vto-lambda-exec-role-20260521124343388900000002",
            "policy_arn": "arn:aws:iam::aws:policy/service-role/AWSLambdaBasicExecutionRole",
            "role": "vto-lambda-exec-role"
          },
          "sensitive_attributes": [],
          "identity_schema_version": 0,
          "private": "bnVsbA==",
          "dependencies": [
            "aws_iam_role.lambda_exec"
          ]
        }
      ]
    },
    {
      "mode": "managed",
      "type": "aws_lambda_event_source_mapping",
      "name": "models_queue",
      "provider": "provider[\"registry.terraform.io/hashicorp/aws\"]",
      "instances": [
        {
          "schema_version": 0,
          "attributes": {
            "amazon_managed_kafka_event_source_config": [],
            "arn": "arn:aws:lambda:us-east-1:046029232490:event-source-mapping:f2676d01-1329-472b-aba3-3c4d5dbd1521",
            "batch_size": 10,
            "bisect_batch_on_function_error": false,
            "destination_config": [],
            "document_db_event_source_config": [],
            "enabled": true,
            "event_source_arn": "arn:aws:sqs:us-east-1:046029232490:vto-models-queue",
            "filter_criteria": [],
            "function_arn": "arn:aws:lambda:us-east-1:046029232490:function:vto-s3-models-handler",
            "function_name": "arn:aws:lambda:us-east-1:046029232490:function:vto-s3-models-handler",
            "function_response_types": [],
            "id": "f2676d01-1329-472b-aba3-3c4d5dbd1521",
            "kms_key_arn": "",
            "last_modified": "2026-05-21T12:45:11Z",
            "last_processing_result": "",
            "maximum_batching_window_in_seconds": 5,
            "maximum_record_age_in_seconds": 0,
            "maximum_retry_attempts": 0,
            "metrics_config": [],
            "parallelization_factor": 0,
            "provisioned_poller_config": [],
            "queues": [],
            "scaling_config": [],
            "self_managed_event_source": [],
            "self_managed_kafka_event_source_config": [],
            "source_access_configuration": [],
            "starting_position": "",
            "starting_position_timestamp": "",
            "state": "Enabled",
            "state_transition_reason": "USER_INITIATED",
            "tags": {},
            "tags_all": {},
            "topics": [],
            "tumbling_window_in_seconds": 0,
            "uuid": "f2676d01-1329-472b-aba3-3c4d5dbd1521"
          },
          "sensitive_attributes": [],
          "identity_schema_version": 0,
          "private": "bnVsbA==",
          "dependencies": [
            "aws_dynamodb_table.models",
            "aws_iam_role.lambda_exec",
            "aws_iam_role_policy.s3_models_handler",
            "aws_lambda_function.s3_models_handler",
            "aws_s3_bucket.vto",
            "aws_sqs_queue.models",
            "aws_sqs_queue.products_dlq",
            "data.archive_file.s3_models_handler",
            "data.aws_caller_identity.current"
          ]
        }
      ]
    },
    {
      "mode": "managed",
      "type": "aws_lambda_event_source_mapping",
      "name": "products_queue",
      "provider": "provider[\"registry.terraform.io/hashicorp/aws\"]",
      "instances": [
        {
          "schema_version": 0,
          "attributes": {
            "amazon_managed_kafka_event_source_config": [],
            "arn": "arn:aws:lambda:us-east-1:046029232490:event-source-mapping:d76f2e00-1c4f-49b8-abc4-c7afd5821cfc",
            "batch_size": 10,
            "bisect_batch_on_function_error": false,
            "destination_config": [],
            "document_db_event_source_config": [],
            "enabled": true,
            "event_source_arn": "arn:aws:sqs:us-east-1:046029232490:vto-products-queue",
            "filter_criteria": [],
            "function_arn": "arn:aws:lambda:us-east-1:046029232490:function:vto-s3-products-handler",
            "function_name": "arn:aws:lambda:us-east-1:046029232490:function:vto-s3-products-handler",
            "function_response_types": [],
            "id": "d76f2e00-1c4f-49b8-abc4-c7afd5821cfc",
            "kms_key_arn": "",
            "last_modified": "2026-05-21T12:45:09Z",
            "last_processing_result": "",
            "maximum_batching_window_in_seconds": 5,
            "maximum_record_age_in_seconds": 0,
            "maximum_retry_attempts": 0,
            "metrics_config": [],
            "parallelization_factor": 0,
            "provisioned_poller_config": [],
            "queues": [],
            "scaling_config": [],
            "self_managed_event_source": [],
            "self_managed_kafka_event_source_config": [],
            "source_access_configuration": [],
            "starting_position": "",
            "starting_position_timestamp": "",
            "state": "Enabled",
            "state_transition_reason": "USER_INITIATED",
            "tags": {},
            "tags_all": {},
            "topics": [],
            "tumbling_window_in_seconds": 0,
            "uuid": "d76f2e00-1c4f-49b8-abc4-c7afd5821cfc"
          },
          "sensitive_attributes": [],
          "identity_schema_version": 0,
          "private": "bnVsbA==",
          "dependencies": [
            "aws_dynamodb_table.products",
            "aws_iam_role.lambda_exec",
            "aws_iam_role_policy.s3_products_handler",
            "aws_lambda_function.s3_products_handler",
            "aws_s3_bucket.vto",
            "aws_sqs_queue.products",
            "aws_sqs_queue.products_dlq",
            "data.archive_file.s3_products_handler",
            "data.aws_caller_identity.current"
          ]
        }
      ]
    },
    {
      "mode": "managed",
      "type": "aws_lambda_event_source_mapping",
      "name": "results_queue",
      "provider": "provider[\"registry.terraform.io/hashicorp/aws\"]",
      "instances": [
        {
          "schema_version": 0,
          "attributes": {
            "amazon_managed_kafka_event_source_config": [],
            "arn": "arn:aws:lambda:us-east-1:046029232490:event-source-mapping:d2cdc4be-c59e-4d94-8084-aa340affe117",
            "batch_size": 10,
            "bisect_batch_on_function_error": false,
            "destination_config": [],
            "document_db_event_source_config": [],
            "enabled": true,
            "event_source_arn": "arn:aws:sqs:us-east-1:046029232490:vto-results-queue",
            "filter_criteria": [],
            "function_arn": "arn:aws:lambda:us-east-1:046029232490:function:vto-s3-result-handler",
            "function_name": "arn:aws:lambda:us-east-1:046029232490:function:vto-s3-result-handler",
            "function_response_types": [],
            "id": "d2cdc4be-c59e-4d94-8084-aa340affe117",
            "kms_key_arn": "",
            "last_modified": "2026-05-21T12:45:11Z",
            "last_processing_result": "",
            "maximum_batching_window_in_seconds": 5,
            "maximum_record_age_in_seconds": 0,
            "maximum_retry_attempts": 0,
            "metrics_config": [],
            "parallelization_factor": 0,
            "provisioned_poller_config": [],
            "queues": [],
            "scaling_config": [],
            "self_managed_event_source": [],
            "self_managed_kafka_event_source_config": [],
            "source_access_configuration": [],
            "starting_position": "",
            "starting_position_timestamp": "",
            "state": "Enabled",
            "state_transition_reason": "USER_INITIATED",
            "tags": {},
            "tags_all": {},
            "topics": [],
            "tumbling_window_in_seconds": 0,
            "uuid": "d2cdc4be-c59e-4d94-8084-aa340affe117"
          },
          "sensitive_attributes": [],
          "identity_schema_version": 0,
          "private": "bnVsbA==",
          "dependencies": [
            "aws_apigatewayv2_api.websocket",
            "aws_dynamodb_table.jobs",
            "aws_iam_role.lambda_exec",
            "aws_iam_role_policy.s3_result_handler",
            "aws_lambda_function.s3_result_handler",
            "aws_s3_bucket.vto",
            "aws_sqs_queue.results",
            "aws_sqs_queue.results_dlq",
            "data.archive_file.s3_result_handler",
            "data.aws_caller_identity.current"
          ]
        }
      ]
    },
    {
      "mode": "managed",
      "type": "aws_lambda_event_source_mapping",
      "name": "stream_trigger",
      "provider": "provider[\"registry.terraform.io/hashicorp/aws\"]",
      "instances": [
        {
          "schema_version": 0,
          "attributes": {
            "amazon_managed_kafka_event_source_config": [],
            "arn": "arn:aws:lambda:us-east-1:046029232490:event-source-mapping:66321391-5f61-4b18-8f38-6928497c6fc6",
            "batch_size": 10,
            "bisect_batch_on_function_error": false,
            "destination_config": [
              {
                "on_failure": [
                  {
                    "destination_arn": null
                  }
                ]
              }
            ],
            "document_db_event_source_config": [],
            "enabled": true,
            "event_source_arn": "arn:aws:dynamodb:us-east-1:046029232490:table/vto-jobs/stream/2026-05-21T12:44:04.996",
            "filter_criteria": [],
            "function_arn": "arn:aws:lambda:us-east-1:046029232490:function:vto-stream-trigger",
            "function_name": "arn:aws:lambda:us-east-1:046029232490:function:vto-stream-trigger",
            "function_response_types": [],
            "id": "66321391-5f61-4b18-8f38-6928497c6fc6",
            "kms_key_arn": "",
            "last_modified": "2026-05-21T13:19:00Z",
            "last_processing_result": "OK",
            "maximum_batching_window_in_seconds": 5,
            "maximum_record_age_in_seconds": -1,
            "maximum_retry_attempts": 3,
            "metrics_config": [],
            "parallelization_factor": 1,
            "provisioned_poller_config": [],
            "queues": [],
            "scaling_config": [],
            "self_managed_event_source": [],
            "self_managed_kafka_event_source_config": [],
            "source_access_configuration": [],
            "starting_position": "LATEST",
            "starting_position_timestamp": "",
            "state": "Enabled",
            "state_transition_reason": "User action",
            "tags": {},
            "tags_all": {},
            "topics": [],
            "tumbling_window_in_seconds": 0,
            "uuid": "66321391-5f61-4b18-8f38-6928497c6fc6"
          },
          "sensitive_attributes": [],
          "identity_schema_version": 0,
          "private": "bnVsbA==",
          "dependencies": [
            "aws_apigatewayv2_api.websocket",
            "aws_cloudwatch_log_group.step_functions",
            "aws_dynamodb_table.jobs",
            "aws_iam_role.lambda_exec",
            "aws_iam_role.step_functions",
            "aws_iam_role_policy.stream_trigger",
            "aws_lambda_function.canvas_processor",
            "aws_lambda_function.stream_trigger",
            "aws_s3_bucket.vto",
            "aws_sfn_state_machine.vto",
            "aws_sqs_queue.results",
            "aws_sqs_queue.results_dlq",
            "data.archive_file.canvas_processor",
            "data.archive_file.stream_trigger",
            "data.aws_caller_identity.current"
          ]
        }
      ]
    },
    {
      "mode": "managed",
      "type": "aws_lambda_function",
      "name": "canvas_processor",
      "provider": "provider[\"registry.terraform.io/hashicorp/aws\"]",
      "instances": [
        {
          "schema_version": 0,
          "attributes": {
            "architectures": [
              "x86_64"
            ],
            "arn": "arn:aws:lambda:us-east-1:046029232490:function:vto-canvas-processor",
            "code_sha256": "xlBUr0KScTKOJO8vWFq8flAlbU7gxGW4dTLVHPle+GE=",
            "code_signing_config_arn": "",
            "dead_letter_config": [],
            "description": "",
            "environment": [
              {
                "variables": {
                  "BUCKET_NAME": "vto-demo-bucket-046029232490-us-east-1",
                  "TABLE_NAME": "vto-jobs",
                  "WEBSOCKET_API_ENDPOINT": "wss://kyi9zyw7mj.execute-api.us-east-1.amazonaws.com/prod"
                }
              }
            ],
            "ephemeral_storage": [
              {
                "size": 512
              }
            ],
            "file_system_config": [],
            "filename": "./../lambdas/canvas-processor.zip",
            "function_name": "vto-canvas-processor",
            "handler": "handler.lambda_handler",
            "id": "vto-canvas-processor",
            "image_config": [],
            "image_uri": "",
            "invoke_arn": "arn:aws:apigateway:us-east-1:lambda:path/2015-03-31/functions/arn:aws:lambda:us-east-1:046029232490:function:vto-canvas-processor/invocations",
            "kms_key_arn": "",
            "last_modified": "2026-05-21T21:31:56.000+0000",
            "layers": [],
            "logging_config": [
              {
                "application_log_level": "",
                "log_format": "Text",
                "log_group": "/aws/lambda/vto-canvas-processor",
                "system_log_level": ""
              }
            ],
            "memory_size": 1024,
            "package_type": "Zip",
            "publish": false,
            "qualified_arn": "arn:aws:lambda:us-east-1:046029232490:function:vto-canvas-processor:$LATEST",
            "qualified_invoke_arn": "arn:aws:apigateway:us-east-1:lambda:path/2015-03-31/functions/arn:aws:lambda:us-east-1:046029232490:function:vto-canvas-processor:$LATEST/invocations",
            "replace_security_groups_on_destroy": null,
            "replacement_security_group_ids": null,
            "reserved_concurrent_executions": -1,
            "role": "arn:aws:iam::046029232490:role/vto-lambda-exec-role",
            "runtime": "python3.13",
            "s3_bucket": null,
            "s3_key": null,
            "s3_object_version": null,
            "signing_job_arn": "",
            "signing_profile_version_arn": "",
            "skip_destroy": false,
            "snap_start": [],
            "source_code_hash": "xlBUr0KScTKOJO8vWFq8flAlbU7gxGW4dTLVHPle+GE=",
            "source_code_size": 2244,
            "tags": {},
            "tags_all": {},
            "timeout": 300,
            "timeouts": null,
            "tracing_config": [
              {
                "mode": "PassThrough"
              }
            ],
            "version": "$LATEST",
            "vpc_config": []
          },
          "sensitive_attributes": [],
          "identity_schema_version": 0,
          "private": "eyJlMmJmYjczMC1lY2FhLTExZTYtOGY4OC0zNDM2M2JjN2M0YzAiOnsiY3JlYXRlIjo2MDAwMDAwMDAwMDAsImRlbGV0ZSI6NjAwMDAwMDAwMDAwLCJ1cGRhdGUiOjYwMDAwMDAwMDAwMH19",
          "dependencies": [
            "aws_apigatewayv2_api.websocket",
            "aws_dynamodb_table.jobs",
            "aws_iam_role.lambda_exec",
            "aws_s3_bucket.vto",
            "data.archive_file.canvas_processor",
            "data.aws_caller_identity.current"
          ]
        }
      ]
    },
    {
      "mode": "managed",
      "type": "aws_lambda_function",
      "name": "s3_models_handler",
      "provider": "provider[\"registry.terraform.io/hashicorp/aws\"]",
      "instances": [
        {
          "schema_version": 0,
          "attributes": {
            "architectures": [
              "x86_64"
            ],
            "arn": "arn:aws:lambda:us-east-1:046029232490:function:vto-s3-models-handler",
            "code_sha256": "DJhryIu/avZ12HnG/yynuHAs+H3DCN4uIaAa/omC5+g=",
            "code_signing_config_arn": "",
            "dead_letter_config": [],
            "description": "",
            "environment": [
              {
                "variables": {
                  "MODELS_TABLE_NAME": "vto-models"
                }
              }
            ],
            "ephemeral_storage": [
              {
                "size": 512
              }
            ],
            "file_system_config": [],
            "filename": "./../lambdas/s3-models-handler.zip",
            "function_name": "vto-s3-models-handler",
            "handler": "handler.lambda_handler",
            "id": "vto-s3-models-handler",
            "image_config": [],
            "image_uri": "",
            "invoke_arn": "arn:aws:apigateway:us-east-1:lambda:path/2015-03-31/functions/arn:aws:lambda:us-east-1:046029232490:function:vto-s3-models-handler/invocations",
            "kms_key_arn": "",
            "last_modified": "2026-05-21T12:44:35.427+0000",
            "layers": [],
            "logging_config": [
              {
                "application_log_level": "",
                "log_format": "Text",
                "log_group": "/aws/lambda/vto-s3-models-handler",
                "system_log_level": ""
              }
            ],
            "memory_size": 128,
            "package_type": "Zip",
            "publish": false,
            "qualified_arn": "arn:aws:lambda:us-east-1:046029232490:function:vto-s3-models-handler:$LATEST",
            "qualified_invoke_arn": "arn:aws:apigateway:us-east-1:lambda:path/2015-03-31/functions/arn:aws:lambda:us-east-1:046029232490:function:vto-s3-models-handler:$LATEST/invocations",
            "replace_security_groups_on_destroy": null,
            "replacement_security_group_ids": null,
            "reserved_concurrent_executions": -1,
            "role": "arn:aws:iam::046029232490:role/vto-lambda-exec-role",
            "runtime": "python3.13",
            "s3_bucket": null,
            "s3_key": null,
            "s3_object_version": null,
            "signing_job_arn": "",
            "signing_profile_version_arn": "",
            "skip_destroy": false,
            "snap_start": [],
            "source_code_hash": "DJhryIu/avZ12HnG/yynuHAs+H3DCN4uIaAa/omC5+g=",
            "source_code_size": 1775,
            "tags": {},
            "tags_all": {},
            "timeout": 120,
            "timeouts": null,
            "tracing_config": [
              {
                "mode": "PassThrough"
              }
            ],
            "version": "$LATEST",
            "vpc_config": []
          },
          "sensitive_attributes": [],
          "identity_schema_version": 0,
          "private": "eyJlMmJmYjczMC1lY2FhLTExZTYtOGY4OC0zNDM2M2JjN2M0YzAiOnsiY3JlYXRlIjo2MDAwMDAwMDAwMDAsImRlbGV0ZSI6NjAwMDAwMDAwMDAwLCJ1cGRhdGUiOjYwMDAwMDAwMDAwMH19",
          "dependencies": [
            "aws_dynamodb_table.models",
            "aws_iam_role.lambda_exec",
            "data.archive_file.s3_models_handler"
          ]
        }
      ]
    },
    {
      "mode": "managed",
      "type": "aws_lambda_function",
      "name": "s3_products_handler",
      "provider": "provider[\"registry.terraform.io/hashicorp/aws\"]",
      "instances": [
        {
          "schema_version": 0,
          "attributes": {
            "architectures": [
              "x86_64"
            ],
            "arn": "arn:aws:lambda:us-east-1:046029232490:function:vto-s3-products-handler",
            "code_sha256": "AkgQUjW4lZdv1mY6O5YKfq4wnF+pwg7IioV7J1qGXHk=",
            "code_signing_config_arn": "",
            "dead_letter_config": [],
            "description": "",
            "environment": [
              {
                "variables": {
                  "PRODUCTS_TABLE_NAME": "vto-products"
                }
              }
            ],
            "ephemeral_storage": [
              {
                "size": 512
              }
            ],
            "file_system_config": [],
            "filename": "./../lambdas/s3-products-handler.zip",
            "function_name": "vto-s3-products-handler",
            "handler": "handler.lambda_handler",
            "id": "vto-s3-products-handler",
            "image_config": [],
            "image_uri": "",
            "invoke_arn": "arn:aws:apigateway:us-east-1:lambda:path/2015-03-31/functions/arn:aws:lambda:us-east-1:046029232490:function:vto-s3-products-handler/invocations",
            "kms_key_arn": "",
            "last_modified": "2026-05-21T12:44:28.580+0000",
            "layers": [],
            "logging_config": [
              {
                "application_log_level": "",
                "log_format": "Text",
                "log_group": "/aws/lambda/vto-s3-products-handler",
                "system_log_level": ""
              }
            ],
            "memory_size": 128,
            "package_type": "Zip",
            "publish": false,
            "qualified_arn": "arn:aws:lambda:us-east-1:046029232490:function:vto-s3-products-handler:$LATEST",
            "qualified_invoke_arn": "arn:aws:apigateway:us-east-1:lambda:path/2015-03-31/functions/arn:aws:lambda:us-east-1:046029232490:function:vto-s3-products-handler:$LATEST/invocations",
            "replace_security_groups_on_destroy": null,
            "replacement_security_group_ids": null,
            "reserved_concurrent_executions": -1,
            "role": "arn:aws:iam::046029232490:role/vto-lambda-exec-role",
            "runtime": "python3.13",
            "s3_bucket": null,
            "s3_key": null,
            "s3_object_version": null,
            "signing_job_arn": "",
            "signing_profile_version_arn": "",
            "skip_destroy": false,
            "snap_start": [],
            "source_code_hash": "AkgQUjW4lZdv1mY6O5YKfq4wnF+pwg7IioV7J1qGXHk=",
            "source_code_size": 1788,
            "tags": {},
            "tags_all": {},
            "timeout": 120,
            "timeouts": null,
            "tracing_config": [
              {
                "mode": "PassThrough"
              }
            ],
            "version": "$LATEST",
            "vpc_config": []
          },
          "sensitive_attributes": [],
          "identity_schema_version": 0,
          "private": "eyJlMmJmYjczMC1lY2FhLTExZTYtOGY4OC0zNDM2M2JjN2M0YzAiOnsiY3JlYXRlIjo2MDAwMDAwMDAwMDAsImRlbGV0ZSI6NjAwMDAwMDAwMDAwLCJ1cGRhdGUiOjYwMDAwMDAwMDAwMH19",
          "dependencies": [
            "aws_dynamodb_table.products",
            "aws_iam_role.lambda_exec",
            "data.archive_file.s3_products_handler"
          ]
        }
      ]
    },
    {
      "mode": "managed",
      "type": "aws_lambda_function",
      "name": "s3_result_handler",
      "provider": "provider[\"registry.terraform.io/hashicorp/aws\"]",
      "instances": [
        {
          "schema_version": 0,
          "attributes": {
            "architectures": [
              "x86_64"
            ],
            "arn": "arn:aws:lambda:us-east-1:046029232490:function:vto-s3-result-handler",
            "code_sha256": "YrJK0zBVsbdUSdpLkO0jrEyZnWkd534VbpKpy92HlyM=",
            "code_signing_config_arn": "",
            "dead_letter_config": [],
            "description": "",
            "environment": [
              {
                "variables": {
                  "TABLE_NAME": "vto-jobs",
                  "WEBSOCKET_API_ENDPOINT": "wss://kyi9zyw7mj.execute-api.us-east-1.amazonaws.com/prod"
                }
              }
            ],
            "ephemeral_storage": [
              {
                "size": 512
              }
            ],
            "file_system_config": [],
            "filename": "./../lambdas/s3-result-handler.zip",
            "function_name": "vto-s3-result-handler",
            "handler": "handler.lambda_handler",
            "id": "vto-s3-result-handler",
            "image_config": [],
            "image_uri": "",
            "invoke_arn": "arn:aws:apigateway:us-east-1:lambda:path/2015-03-31/functions/arn:aws:lambda:us-east-1:046029232490:function:vto-s3-result-handler/invocations",
            "kms_key_arn": "",
            "last_modified": "2026-05-21T12:44:21.748+0000",
            "layers": [],
            "logging_config": [
              {
                "application_log_level": "",
                "log_format": "Text",
                "log_group": "/aws/lambda/vto-s3-result-handler",
                "system_log_level": ""
              }
            ],
            "memory_size": 128,
            "package_type": "Zip",
            "publish": false,
            "qualified_arn": "arn:aws:lambda:us-east-1:046029232490:function:vto-s3-result-handler:$LATEST",
            "qualified_invoke_arn": "arn:aws:apigateway:us-east-1:lambda:path/2015-03-31/functions/arn:aws:lambda:us-east-1:046029232490:function:vto-s3-result-handler:$LATEST/invocations",
            "replace_security_groups_on_destroy": null,
            "replacement_security_group_ids": null,
            "reserved_concurrent_executions": -1,
            "role": "arn:aws:iam::046029232490:role/vto-lambda-exec-role",
            "runtime": "python3.13",
            "s3_bucket": null,
            "s3_key": null,
            "s3_object_version": null,
            "signing_job_arn": "",
            "signing_profile_version_arn": "",
            "skip_destroy": false,
            "snap_start": [],
            "source_code_hash": "YrJK0zBVsbdUSdpLkO0jrEyZnWkd534VbpKpy92HlyM=",
            "source_code_size": 2136,
            "tags": {},
            "tags_all": {},
            "timeout": 120,
            "timeouts": null,
            "tracing_config": [
              {
                "mode": "PassThrough"
              }
            ],
            "version": "$LATEST",
            "vpc_config": []
          },
          "sensitive_attributes": [],
          "identity_schema_version": 0,
          "private": "eyJlMmJmYjczMC1lY2FhLTExZTYtOGY4OC0zNDM2M2JjN2M0YzAiOnsiY3JlYXRlIjo2MDAwMDAwMDAwMDAsImRlbGV0ZSI6NjAwMDAwMDAwMDAwLCJ1cGRhdGUiOjYwMDAwMDAwMDAwMH19",
          "dependencies": [
            "aws_apigatewayv2_api.websocket",
            "aws_dynamodb_table.jobs",
            "aws_iam_role.lambda_exec",
            "data.archive_file.s3_result_handler"
          ]
        }
      ]
    },
    {
      "mode": "managed",
      "type": "aws_lambda_function",
      "name": "stream_trigger",
      "provider": "provider[\"registry.terraform.io/hashicorp/aws\"]",
      "instances": [
        {
          "schema_version": 0,
          "attributes": {
            "architectures": [
              "x86_64"
            ],
            "arn": "arn:aws:lambda:us-east-1:046029232490:function:vto-stream-trigger",
            "code_sha256": "Po5f2isHS2fwgtfKIvoY5y4jXaffPqbOFA6/FA4n9p4=",
            "code_signing_config_arn": "",
            "dead_letter_config": [],
            "description": "",
            "environment": [
              {
                "variables": {
                  "STATE_MACHINE_ARN": "arn:aws:states:us-east-1:046029232490:stateMachine:vto-processing"
                }
              }
            ],
            "ephemeral_storage": [
              {
                "size": 512
              }
            ],
            "file_system_config": [],
            "filename": "./../lambdas/stream-trigger.zip",
            "function_name": "vto-stream-trigger",
            "handler": "handler.lambda_handler",
            "id": "vto-stream-trigger",
            "image_config": [],
            "image_uri": "",
            "invoke_arn": "arn:aws:apigateway:us-east-1:lambda:path/2015-03-31/functions/arn:aws:lambda:us-east-1:046029232490:function:vto-stream-trigger/invocations",
            "kms_key_arn": "",
            "last_modified": "2026-05-21T12:45:12.000+0000",
            "layers": [],
            "logging_config": [
              {
                "application_log_level": "",
                "log_format": "Text",
                "log_group": "/aws/lambda/vto-stream-trigger",
                "system_log_level": ""
              }
            ],
            "memory_size": 128,
            "package_type": "Zip",
            "publish": false,
            "qualified_arn": "arn:aws:lambda:us-east-1:046029232490:function:vto-stream-trigger:$LATEST",
            "qualified_invoke_arn": "arn:aws:apigateway:us-east-1:lambda:path/2015-03-31/functions/arn:aws:lambda:us-east-1:046029232490:function:vto-stream-trigger:$LATEST/invocations",
            "replace_security_groups_on_destroy": null,
            "replacement_security_group_ids": null,
            "reserved_concurrent_executions": -1,
            "role": "arn:aws:iam::046029232490:role/vto-lambda-exec-role",
            "runtime": "python3.13",
            "s3_bucket": null,
            "s3_key": null,
            "s3_object_version": null,
            "signing_job_arn": "",
            "signing_profile_version_arn": "",
            "skip_destroy": false,
            "snap_start": [],
            "source_code_hash": "Po5f2isHS2fwgtfKIvoY5y4jXaffPqbOFA6/FA4n9p4=",
            "source_code_size": 937,
            "tags": {},
            "tags_all": {},
            "timeout": 30,
            "timeouts": null,
            "tracing_config": [
              {
                "mode": "PassThrough"
              }
            ],
            "version": "$LATEST",
            "vpc_config": []
          },
          "sensitive_attributes": [],
          "identity_schema_version": 0,
          "private": "eyJlMmJmYjczMC1lY2FhLTExZTYtOGY4OC0zNDM2M2JjN2M0YzAiOnsiY3JlYXRlIjo2MDAwMDAwMDAwMDAsImRlbGV0ZSI6NjAwMDAwMDAwMDAwLCJ1cGRhdGUiOjYwMDAwMDAwMDAwMH19",
          "dependencies": [
            "aws_apigatewayv2_api.websocket",
            "aws_cloudwatch_log_group.step_functions",
            "aws_dynamodb_table.jobs",
            "aws_iam_role.lambda_exec",
            "aws_iam_role.step_functions",
            "aws_lambda_function.canvas_processor",
            "aws_s3_bucket.vto",
            "aws_sfn_state_machine.vto",
            "aws_sqs_queue.results",
            "aws_sqs_queue.results_dlq",
            "data.archive_file.canvas_processor",
            "data.archive_file.stream_trigger",
            "data.aws_caller_identity.current"
          ]
        }
      ]
    },
    {
      "mode": "managed",
      "type": "aws_lambda_function",
      "name": "websocket_connect",
      "provider": "provider[\"registry.terraform.io/hashicorp/aws\"]",
      "instances": [
        {
          "schema_version": 0,
          "attributes": {
            "architectures": [
              "x86_64"
            ],
            "arn": "arn:aws:lambda:us-east-1:046029232490:function:vto-websocket-connect",
            "code_sha256": "EZL6RDArYlgN8M+tChnjRO84Fygt7ObztZvbf7DhUGg=",
            "code_signing_config_arn": "",
            "dead_letter_config": [],
            "description": "",
            "environment": [
              {
                "variables": {
                  "CONNECTIONS_TABLE_NAME": "vto-connections"
                }
              }
            ],
            "ephemeral_storage": [
              {
                "size": 512
              }
            ],
            "file_system_config": [],
            "filename": "./../lambdas/websocket-connect.zip",
            "function_name": "vto-websocket-connect",
            "handler": "handler.lambda_handler",
            "id": "vto-websocket-connect",
            "image_config": [],
            "image_uri": "",
            "invoke_arn": "arn:aws:apigateway:us-east-1:lambda:path/2015-03-31/functions/arn:aws:lambda:us-east-1:046029232490:function:vto-websocket-connect/invocations",
            "kms_key_arn": "",
            "last_modified": "2026-05-21T12:47:45.892+0000",
            "layers": [],
            "logging_config": [
              {
                "application_log_level": "",
                "log_format": "Text",
                "log_group": "/aws/lambda/vto-websocket-connect",
                "system_log_level": ""
              }
            ],
            "memory_size": 128,
            "package_type": "Zip",
            "publish": false,
            "qualified_arn": "arn:aws:lambda:us-east-1:046029232490:function:vto-websocket-connect:$LATEST",
            "qualified_invoke_arn": "arn:aws:apigateway:us-east-1:lambda:path/2015-03-31/functions/arn:aws:lambda:us-east-1:046029232490:function:vto-websocket-connect:$LATEST/invocations",
            "replace_security_groups_on_destroy": null,
            "replacement_security_group_ids": null,
            "reserved_concurrent_executions": -1,
            "role": "arn:aws:iam::046029232490:role/vto-lambda-exec-role",
            "runtime": "python3.13",
            "s3_bucket": null,
            "s3_key": null,
            "s3_object_version": null,
            "signing_job_arn": "",
            "signing_profile_version_arn": "",
            "skip_destroy": false,
            "snap_start": [],
            "source_code_hash": "EZL6RDArYlgN8M+tChnjRO84Fygt7ObztZvbf7DhUGg=",
            "source_code_size": 797,
            "tags": {},
            "tags_all": {},
            "timeout": 30,
            "timeouts": null,
            "tracing_config": [
              {
                "mode": "PassThrough"
              }
            ],
            "version": "$LATEST",
            "vpc_config": []
          },
          "sensitive_attributes": [],
          "identity_schema_version": 0,
          "private": "eyJlMmJmYjczMC1lY2FhLTExZTYtOGY4OC0zNDM2M2JjN2M0YzAiOnsiY3JlYXRlIjo2MDAwMDAwMDAwMDAsImRlbGV0ZSI6NjAwMDAwMDAwMDAwLCJ1cGRhdGUiOjYwMDAwMDAwMDAwMH19",
          "dependencies": [
            "aws_dynamodb_table.connections",
            "aws_iam_role.lambda_exec",
            "data.archive_file.websocket_connect"
          ]
        }
      ]
    },
    {
      "mode": "managed",
      "type": "aws_lambda_function",
      "name": "websocket_disconnect",
      "provider": "provider[\"registry.terraform.io/hashicorp/aws\"]",
      "instances": [
        {
          "schema_version": 0,
          "attributes": {
            "architectures": [
              "x86_64"
            ],
            "arn": "arn:aws:lambda:us-east-1:046029232490:function:vto-websocket-disconnect",
            "code_sha256": "xQgtO5iZDlIznv8r4CLHyxm7WneZZBf8SClZ5WtqDYk=",
            "code_signing_config_arn": "",
            "dead_letter_config": [],
            "description": "",
            "environment": [
              {
                "variables": {
                  "CONNECTIONS_TABLE_NAME": "vto-connections"
                }
              }
            ],
            "ephemeral_storage": [
              {
                "size": 512
              }
            ],
            "file_system_config": [],
            "filename": "./../lambdas/websocket-disconnect.zip",
            "function_name": "vto-websocket-disconnect",
            "handler": "handler.lambda_handler",
            "id": "vto-websocket-disconnect",
            "image_config": [],
            "image_uri": "",
            "invoke_arn": "arn:aws:apigateway:us-east-1:lambda:path/2015-03-31/functions/arn:aws:lambda:us-east-1:046029232490:function:vto-websocket-disconnect/invocations",
            "kms_key_arn": "",
            "last_modified": "2026-05-21T12:44:48.649+0000",
            "layers": [],
            "logging_config": [
              {
                "application_log_level": "",
                "log_format": "Text",
                "log_group": "/aws/lambda/vto-websocket-disconnect",
                "system_log_level": ""
              }
            ],
            "memory_size": 128,
            "package_type": "Zip",
            "publish": false,
            "qualified_arn": "arn:aws:lambda:us-east-1:046029232490:function:vto-websocket-disconnect:$LATEST",
            "qualified_invoke_arn": "arn:aws:apigateway:us-east-1:lambda:path/2015-03-31/functions/arn:aws:lambda:us-east-1:046029232490:function:vto-websocket-disconnect:$LATEST/invocations",
            "replace_security_groups_on_destroy": null,
            "replacement_security_group_ids": null,
            "reserved_concurrent_executions": -1,
            "role": "arn:aws:iam::046029232490:role/vto-lambda-exec-role",
            "runtime": "python3.13",
            "s3_bucket": null,
            "s3_key": null,
            "s3_object_version": null,
            "signing_job_arn": "",
            "signing_profile_version_arn": "",
            "skip_destroy": false,
            "snap_start": [],
            "source_code_hash": "xQgtO5iZDlIznv8r4CLHyxm7WneZZBf8SClZ5WtqDYk=",
            "source_code_size": 533,
            "tags": {},
            "tags_all": {},
            "timeout": 30,
            "timeouts": null,
            "tracing_config": [
              {
                "mode": "PassThrough"
              }
            ],
            "version": "$LATEST",
            "vpc_config": []
          },
          "sensitive_attributes": [],
          "identity_schema_version": 0,
          "private": "eyJlMmJmYjczMC1lY2FhLTExZTYtOGY4OC0zNDM2M2JjN2M0YzAiOnsiY3JlYXRlIjo2MDAwMDAwMDAwMDAsImRlbGV0ZSI6NjAwMDAwMDAwMDAwLCJ1cGRhdGUiOjYwMDAwMDAwMDAwMH19",
          "dependencies": [
            "aws_dynamodb_table.connections",
            "aws_iam_role.lambda_exec",
            "data.archive_file.websocket_disconnect"
          ]
        }
      ]
    },
    {
      "mode": "managed",
      "type": "aws_lambda_function",
      "name": "websocket_message",
      "provider": "provider[\"registry.terraform.io/hashicorp/aws\"]",
      "instances": [
        {
          "schema_version": 0,
          "attributes": {
            "architectures": [
              "x86_64"
            ],
            "arn": "arn:aws:lambda:us-east-1:046029232490:function:vto-websocket-message",
            "code_sha256": "e2zNXd1fdvmAEmi9UmAjezVV9pKPs9rPWWNTgRrdCjM=",
            "code_signing_config_arn": "",
            "dead_letter_config": [],
            "description": "",
            "environment": [
              {
                "variables": {
                  "BUCKET_NAME": "vto-demo-bucket-046029232490-us-east-1",
                  "CONNECTIONS_TABLE_NAME": "vto-connections",
                  "MODELS_TABLE_NAME": "vto-models",
                  "PRODUCTS_TABLE_NAME": "vto-products",
                  "TABLE_NAME": "vto-jobs",
                  "WEBSOCKET_API_ENDPOINT": "wss://kyi9zyw7mj.execute-api.us-east-1.amazonaws.com/prod"
                }
              }
            ],
            "ephemeral_storage": [
              {
                "size": 512
              }
            ],
            "file_system_config": [],
            "filename": "./../lambdas/websocket-message.zip",
            "function_name": "vto-websocket-message",
            "handler": "handler.lambda_handler",
            "id": "vto-websocket-message",
            "image_config": [],
            "image_uri": "",
            "invoke_arn": "arn:aws:apigateway:us-east-1:lambda:path/2015-03-31/functions/arn:aws:lambda:us-east-1:046029232490:function:vto-websocket-message/invocations",
            "kms_key_arn": "",
            "last_modified": "2026-05-21T12:44:42.018+0000",
            "layers": [],
            "logging_config": [
              {
                "application_log_level": "",
                "log_format": "Text",
                "log_group": "/aws/lambda/vto-websocket-message",
                "system_log_level": ""
              }
            ],
            "memory_size": 128,
            "package_type": "Zip",
            "publish": false,
            "qualified_arn": "arn:aws:lambda:us-east-1:046029232490:function:vto-websocket-message:$LATEST",
            "qualified_invoke_arn": "arn:aws:apigateway:us-east-1:lambda:path/2015-03-31/functions/arn:aws:lambda:us-east-1:046029232490:function:vto-websocket-message:$LATEST/invocations",
            "replace_security_groups_on_destroy": null,
            "replacement_security_group_ids": null,
            "reserved_concurrent_executions": -1,
            "role": "arn:aws:iam::046029232490:role/vto-lambda-exec-role",
            "runtime": "python3.13",
            "s3_bucket": null,
            "s3_key": null,
            "s3_object_version": null,
            "signing_job_arn": "",
            "signing_profile_version_arn": "",
            "skip_destroy": false,
            "snap_start": [],
            "source_code_hash": "e2zNXd1fdvmAEmi9UmAjezVV9pKPs9rPWWNTgRrdCjM=",
            "source_code_size": 2412,
            "tags": {},
            "tags_all": {},
            "timeout": 30,
            "timeouts": null,
            "tracing_config": [
              {
                "mode": "PassThrough"
              }
            ],
            "version": "$LATEST",
            "vpc_config": []
          },
          "sensitive_attributes": [],
          "identity_schema_version": 0,
          "private": "eyJlMmJmYjczMC1lY2FhLTExZTYtOGY4OC0zNDM2M2JjN2M0YzAiOnsiY3JlYXRlIjo2MDAwMDAwMDAwMDAsImRlbGV0ZSI6NjAwMDAwMDAwMDAwLCJ1cGRhdGUiOjYwMDAwMDAwMDAwMH19",
          "dependencies": [
            "aws_apigatewayv2_api.websocket",
            "aws_dynamodb_table.connections",
            "aws_dynamodb_table.jobs",
            "aws_dynamodb_table.models",
            "aws_dynamodb_table.products",
            "aws_iam_role.lambda_exec",
            "aws_s3_bucket.vto",
            "data.archive_file.websocket_message",
            "data.aws_caller_identity.current"
          ]
        }
      ]
    },
    {
      "mode": "managed",
      "type": "aws_lambda_permission",
      "name": "apigw_connect",
      "provider": "provider[\"registry.terraform.io/hashicorp/aws\"]",
      "instances": [
        {
          "schema_version": 0,
          "attributes": {
            "action": "lambda:InvokeFunction",
            "event_source_token": null,
            "function_name": "vto-websocket-connect",
            "function_url_auth_type": null,
            "id": "AllowAPIGatewayInvokeConnect",
            "principal": "apigateway.amazonaws.com",
            "principal_org_id": null,
            "qualifier": "",
            "source_account": null,
            "source_arn": "arn:aws:execute-api:us-east-1:046029232490:kyi9zyw7mj/*/*",
            "statement_id": "AllowAPIGatewayInvokeConnect",
            "statement_id_prefix": ""
          },
          "sensitive_attributes": [],
          "identity_schema_version": 0,
          "private": "bnVsbA==",
          "dependencies": [
            "aws_apigatewayv2_api.websocket",
            "aws_dynamodb_table.connections",
            "aws_iam_role.lambda_exec",
            "aws_lambda_function.websocket_connect",
            "data.archive_file.websocket_connect",
            "data.aws_caller_identity.current"
          ]
        }
      ]
    },
    {
      "mode": "managed",
      "type": "aws_lambda_permission",
      "name": "apigw_disconnect",
      "provider": "provider[\"registry.terraform.io/hashicorp/aws\"]",
      "instances": [
        {
          "schema_version": 0,
          "attributes": {
            "action": "lambda:InvokeFunction",
            "event_source_token": null,
            "function_name": "vto-websocket-disconnect",
            "function_url_auth_type": null,
            "id": "AllowAPIGatewayInvokeDisconnect",
            "principal": "apigateway.amazonaws.com",
            "principal_org_id": null,
            "qualifier": "",
            "source_account": null,
            "source_arn": "arn:aws:execute-api:us-east-1:046029232490:kyi9zyw7mj/*/*",
            "statement_id": "AllowAPIGatewayInvokeDisconnect",
            "statement_id_prefix": ""
          },
          "sensitive_attributes": [],
          "identity_schema_version": 0,
          "private": "bnVsbA==",
          "dependencies": [
            "aws_apigatewayv2_api.websocket",
            "aws_dynamodb_table.connections",
            "aws_iam_role.lambda_exec",
            "aws_lambda_function.websocket_disconnect",
            "data.archive_file.websocket_disconnect",
            "data.aws_caller_identity.current"
          ]
        }
      ]
    },
    {
      "mode": "managed",
      "type": "aws_lambda_permission",
      "name": "apigw_message",
      "provider": "provider[\"registry.terraform.io/hashicorp/aws\"]",
      "instances": [
        {
          "schema_version": 0,
          "attributes": {
            "action": "lambda:InvokeFunction",
            "event_source_token": null,
            "function_name": "vto-websocket-message",
            "function_url_auth_type": null,
            "id": "AllowAPIGatewayInvokeMessage",
            "principal": "apigateway.amazonaws.com",
            "principal_org_id": null,
            "qualifier": "",
            "source_account": null,
            "source_arn": "arn:aws:execute-api:us-east-1:046029232490:kyi9zyw7mj/*/*",
            "statement_id": "AllowAPIGatewayInvokeMessage",
            "statement_id_prefix": ""
          },
          "sensitive_attributes": [],
          "identity_schema_version": 0,
          "private": "bnVsbA==",
          "dependencies": [
            "aws_apigatewayv2_api.websocket",
            "aws_dynamodb_table.connections",
            "aws_dynamodb_table.jobs",
            "aws_dynamodb_table.models",
            "aws_dynamodb_table.products",
            "aws_iam_role.lambda_exec",
            "aws_lambda_function.websocket_message",
            "aws_s3_bucket.vto",
            "data.archive_file.websocket_message",
            "data.aws_caller_identity.current"
          ]
        }
      ]
    },
    {
      "mode": "managed",
      "type": "aws_s3_bucket",
      "name": "access_logs",
      "provider": "provider[\"registry.terraform.io/hashicorp/aws\"]",
      "instances": [
        {
          "schema_version": 0,
          "attributes": {
            "acceleration_status": "",
            "acl": null,
            "arn": "arn:aws:s3:::vto-access-logs-046029232490-us-east-1",
            "bucket": "vto-access-logs-046029232490-us-east-1",
            "bucket_domain_name": "vto-access-logs-046029232490-us-east-1.s3.amazonaws.com",
            "bucket_prefix": "",
            "bucket_regional_domain_name": "vto-access-logs-046029232490-us-east-1.s3.us-east-1.amazonaws.com",
            "cors_rule": [],
            "force_destroy": true,
            "grant": [
              {
                "id": "",
                "permissions": [
                  "READ_ACP",
                  "WRITE"
                ],
                "type": "Group",
                "uri": "http://acs.amazonaws.com/groups/s3/LogDelivery"
              },
              {
                "id": "a115f167d6a6af8ecdcdb5a112082dace94bb7af0bf0ceaab039c193b044d4be",
                "permissions": [
                  "FULL_CONTROL"
                ],
                "type": "CanonicalUser",
                "uri": ""
              }
            ],
            "hosted_zone_id": "Z3AQBSTGFYJSTF",
            "id": "vto-access-logs-046029232490-us-east-1",
            "lifecycle_rule": [],
            "logging": [],
            "object_lock_configuration": [],
            "object_lock_enabled": false,
            "policy": "{\"Statement\":[{\"Action\":\"s3:*\",\"Condition\":{\"Bool\":{\"aws:SecureTransport\":\"false\"}},\"Effect\":\"Deny\",\"Principal\":\"*\",\"Resource\":[\"arn:aws:s3:::vto-access-logs-046029232490-us-east-1\",\"arn:aws:s3:::vto-access-logs-046029232490-us-east-1/*\"],\"Sid\":\"DenyNonSSL\"}],\"Version\":\"2012-10-17\"}",
            "region": "us-east-1",
            "replication_configuration": [],
            "request_payer": "BucketOwner",
            "server_side_encryption_configuration": [
              {
                "rule": [
                  {
                    "apply_server_side_encryption_by_default": [
                      {
                        "kms_master_key_id": "",
                        "sse_algorithm": "AES256"
                      }
                    ],
                    "bucket_key_enabled": false
                  }
                ]
              }
            ],
            "tags": {},
            "tags_all": {},
            "timeouts": null,
            "versioning": [
              {
                "enabled": false,
                "mfa_delete": false
              }
            ],
            "website": [],
            "website_domain": null,
            "website_endpoint": null
          },
          "sensitive_attributes": [],
          "identity_schema_version": 0,
          "private": "eyJlMmJmYjczMC1lY2FhLTExZTYtOGY4OC0zNDM2M2JjN2M0YzAiOnsiY3JlYXRlIjoxMjAwMDAwMDAwMDAwLCJkZWxldGUiOjM2MDAwMDAwMDAwMDAsInJlYWQiOjEyMDAwMDAwMDAwMDAsInVwZGF0ZSI6MTIwMDAwMDAwMDAwMH19",
          "dependencies": [
            "data.aws_caller_identity.current"
          ]
        }
      ]
    },
    {
      "mode": "managed",
      "type": "aws_s3_bucket",
      "name": "cloudtrail",
      "provider": "provider[\"registry.terraform.io/hashicorp/aws\"]",
      "instances": [
        {
          "schema_version": 0,
          "attributes": {
            "acceleration_status": "",
            "acl": null,
            "arn": "arn:aws:s3:::vto-cloudtrail-046029232490-us-east-1",
            "bucket": "vto-cloudtrail-046029232490-us-east-1",
            "bucket_domain_name": "vto-cloudtrail-046029232490-us-east-1.s3.amazonaws.com",
            "bucket_prefix": "",
            "bucket_regional_domain_name": "vto-cloudtrail-046029232490-us-east-1.s3.us-east-1.amazonaws.com",
            "cors_rule": [],
            "force_destroy": true,
            "grant": [
              {
                "id": "a115f167d6a6af8ecdcdb5a112082dace94bb7af0bf0ceaab039c193b044d4be",
                "permissions": [
                  "FULL_CONTROL"
                ],
                "type": "CanonicalUser",
                "uri": ""
              }
            ],
            "hosted_zone_id": "Z3AQBSTGFYJSTF",
            "id": "vto-cloudtrail-046029232490-us-east-1",
            "lifecycle_rule": [
              {
                "abort_incomplete_multipart_upload_days": 0,
                "enabled": true,
                "expiration": [
                  {
                    "date": "",
                    "days": 30,
                    "expired_object_delete_marker": false
                  }
                ],
                "id": "DeleteOldLogs",
                "noncurrent_version_expiration": [],
                "noncurrent_version_transition": [],
                "prefix": "",
                "tags": {},
                "transition": []
              }
            ],
            "logging": [
              {
                "target_bucket": "vto-access-logs-046029232490-us-east-1",
                "target_prefix": "cloudtrail-access-logs/"
              }
            ],
            "object_lock_configuration": [],
            "object_lock_enabled": false,
            "policy": "{\"Statement\":[{\"Action\":\"s3:GetBucketAcl\",\"Effect\":\"Allow\",\"Principal\":{\"Service\":\"cloudtrail.amazonaws.com\"},\"Resource\":\"arn:aws:s3:::vto-cloudtrail-046029232490-us-east-1\",\"Sid\":\"AWSCloudTrailAclCheck\"},{\"Action\":\"s3:PutObject\",\"Condition\":{\"StringEquals\":{\"s3:x-amz-acl\":\"bucket-owner-full-control\"}},\"Effect\":\"Allow\",\"Principal\":{\"Service\":\"cloudtrail.amazonaws.com\"},\"Resource\":\"arn:aws:s3:::vto-cloudtrail-046029232490-us-east-1/AWSLogs/046029232490/*\",\"Sid\":\"AWSCloudTrailWrite\"},{\"Action\":\"s3:*\",\"Condition\":{\"Bool\":{\"aws:SecureTransport\":\"false\"}},\"Effect\":\"Deny\",\"Principal\":\"*\",\"Resource\":[\"arn:aws:s3:::vto-cloudtrail-046029232490-us-east-1\",\"arn:aws:s3:::vto-cloudtrail-046029232490-us-east-1/*\"],\"Sid\":\"DenyNonSSL\"}],\"Version\":\"2012-10-17\"}",
            "region": "us-east-1",
            "replication_configuration": [],
            "request_payer": "BucketOwner",
            "server_side_encryption_configuration": [
              {
                "rule": [
                  {
                    "apply_server_side_encryption_by_default": [
                      {
                        "kms_master_key_id": "",
                        "sse_algorithm": "AES256"
                      }
                    ],
                    "bucket_key_enabled": false
                  }
                ]
              }
            ],
            "tags": {},
            "tags_all": {},
            "timeouts": null,
            "versioning": [
              {
                "enabled": false,
                "mfa_delete": false
              }
            ],
            "website": [],
            "website_domain": null,
            "website_endpoint": null
          },
          "sensitive_attributes": [],
          "identity_schema_version": 0,
          "private": "eyJlMmJmYjczMC1lY2FhLTExZTYtOGY4OC0zNDM2M2JjN2M0YzAiOnsiY3JlYXRlIjoxMjAwMDAwMDAwMDAwLCJkZWxldGUiOjM2MDAwMDAwMDAwMDAsInJlYWQiOjEyMDAwMDAwMDAwMDAsInVwZGF0ZSI6MTIwMDAwMDAwMDAwMH19",
          "dependencies": [
            "data.aws_caller_identity.current"
          ]
        }
      ]
    },
    {
      "mode": "managed",
      "type": "aws_s3_bucket",
      "name": "vto",
      "provider": "provider[\"registry.terraform.io/hashicorp/aws\"]",
      "instances": [
        {
          "schema_version": 0,
          "attributes": {
            "acceleration_status": "",
            "acl": null,
            "arn": "arn:aws:s3:::vto-demo-bucket-046029232490-us-east-1",
            "bucket": "vto-demo-bucket-046029232490-us-east-1",
            "bucket_domain_name": "vto-demo-bucket-046029232490-us-east-1.s3.amazonaws.com",
            "bucket_prefix": "",
            "bucket_regional_domain_name": "vto-demo-bucket-046029232490-us-east-1.s3.us-east-1.amazonaws.com",
            "cors_rule": [
              {
                "allowed_headers": [
                  "*"
                ],
                "allowed_methods": [
                  "POST",
                  "GET",
                  "PUT"
                ],
                "allowed_origins": [
                  "*"
                ],
                "expose_headers": [],
                "max_age_seconds": 3000
              }
            ],
            "force_destroy": true,
            "grant": [
              {
                "id": "a115f167d6a6af8ecdcdb5a112082dace94bb7af0bf0ceaab039c193b044d4be",
                "permissions": [
                  "FULL_CONTROL"
                ],
                "type": "CanonicalUser",
                "uri": ""
              }
            ],
            "hosted_zone_id": "Z3AQBSTGFYJSTF",
            "id": "vto-demo-bucket-046029232490-us-east-1",
            "lifecycle_rule": [],
            "logging": [
              {
                "target_bucket": "vto-access-logs-046029232490-us-east-1",
                "target_prefix": "access-logs/"
              }
            ],
            "object_lock_configuration": [],
            "object_lock_enabled": false,
            "policy": "{\"Statement\":[{\"Action\":\"s3:*\",\"Condition\":{\"Bool\":{\"aws:SecureTransport\":\"false\"}},\"Effect\":\"Deny\",\"Principal\":\"*\",\"Resource\":[\"arn:aws:s3:::vto-demo-bucket-046029232490-us-east-1\",\"arn:aws:s3:::vto-demo-bucket-046029232490-us-east-1/*\"],\"Sid\":\"DenyNonSSL\"}],\"Version\":\"2012-10-17\"}",
            "region": "us-east-1",
            "replication_configuration": [],
            "request_payer": "BucketOwner",
            "server_side_encryption_configuration": [
              {
                "rule": [
                  {
                    "apply_server_side_encryption_by_default": [
                      {
                        "kms_master_key_id": "",
                        "sse_algorithm": "AES256"
                      }
                    ],
                    "bucket_key_enabled": false
                  }
                ]
              }
            ],
            "tags": {},
            "tags_all": {},
            "timeouts": null,
            "versioning": [
              {
                "enabled": true,
                "mfa_delete": false
              }
            ],
            "website": [],
            "website_domain": null,
            "website_endpoint": null
          },
          "sensitive_attributes": [],
          "identity_schema_version": 0,
          "private": "eyJlMmJmYjczMC1lY2FhLTExZTYtOGY4OC0zNDM2M2JjN2M0YzAiOnsiY3JlYXRlIjoxMjAwMDAwMDAwMDAwLCJkZWxldGUiOjM2MDAwMDAwMDAwMDAsInJlYWQiOjEyMDAwMDAwMDAwMDAsInVwZGF0ZSI6MTIwMDAwMDAwMDAwMH19",
          "dependencies": [
            "data.aws_caller_identity.current"
          ]
        }
      ]
    },
    {
      "mode": "managed",
      "type": "aws_s3_bucket_acl",
      "name": "access_logs",
      "provider": "provider[\"registry.terraform.io/hashicorp/aws\"]",
      "instances": [
        {
          "schema_version": 0,
          "attributes": {
            "access_control_policy": [
              {
                "grant": [
                  {
                    "grantee": [
                      {
                        "display_name": "",
                        "email_address": "",
                        "id": "",
                        "type": "Group",
                        "uri": "http://acs.amazonaws.com/groups/s3/LogDelivery"
                      }
                    ],
                    "permission": "READ_ACP"
                  },
                  {
                    "grantee": [
                      {
                        "display_name": "",
                        "email_address": "",
                        "id": "",
                        "type": "Group",
                        "uri": "http://acs.amazonaws.com/groups/s3/LogDelivery"
                      }
                    ],
                    "permission": "WRITE"
                  },
                  {
                    "grantee": [
                      {
                        "display_name": "",
                        "email_address": "",
                        "id": "a115f167d6a6af8ecdcdb5a112082dace94bb7af0bf0ceaab039c193b044d4be",
                        "type": "CanonicalUser",
                        "uri": ""
                      }
                    ],
                    "permission": "FULL_CONTROL"
                  }
                ],
                "owner": [
                  {
                    "display_name": "",
                    "id": "a115f167d6a6af8ecdcdb5a112082dace94bb7af0bf0ceaab039c193b044d4be"
                  }
                ]
              }
            ],
            "acl": "log-delivery-write",
            "bucket": "vto-access-logs-046029232490-us-east-1",
            "expected_bucket_owner": "",
            "id": "vto-access-logs-046029232490-us-east-1,log-delivery-write"
          },
          "sensitive_attributes": [],
          "identity_schema_version": 0,
          "private": "bnVsbA==",
          "dependencies": [
            "aws_s3_bucket.access_logs",
            "aws_s3_bucket_ownership_controls.access_logs",
            "data.aws_caller_identity.current"
          ]
        }
      ]
    },
    {
      "mode": "managed",
      "type": "aws_s3_bucket_cors_configuration",
      "name": "vto",
      "provider": "provider[\"registry.terraform.io/hashicorp/aws\"]",
      "instances": [
        {
          "schema_version": 0,
          "attributes": {
            "bucket": "vto-demo-bucket-046029232490-us-east-1",
            "cors_rule": [
              {
                "allowed_headers": [
                  "*"
                ],
                "allowed_methods": [
                  "GET",
                  "POST",
                  "PUT"
                ],
                "allowed_origins": [
                  "*"
                ],
                "expose_headers": [],
                "id": "",
                "max_age_seconds": 3000
              }
            ],
            "expected_bucket_owner": "",
            "id": "vto-demo-bucket-046029232490-us-east-1"
          },
          "sensitive_attributes": [],
          "identity_schema_version": 0,
          "private": "bnVsbA==",
          "dependencies": [
            "aws_s3_bucket.vto",
            "data.aws_caller_identity.current"
          ]
        }
      ]
    },
    {
      "mode": "managed",
      "type": "aws_s3_bucket_lifecycle_configuration",
      "name": "cloudtrail",
      "provider": "provider[\"registry.terraform.io/hashicorp/aws\"]",
      "instances": [
        {
          "schema_version": 1,
          "attributes": {
            "bucket": "vto-cloudtrail-046029232490-us-east-1",
            "expected_bucket_owner": "",
            "id": "vto-cloudtrail-046029232490-us-east-1",
            "rule": [
              {
                "abort_incomplete_multipart_upload": [],
                "expiration": [
                  {
                    "date": null,
                    "days": 30,
                    "expired_object_delete_marker": false
                  }
                ],
                "filter": [
                  {
                    "and": [],
                    "object_size_greater_than": null,
                    "object_size_less_than": null,
                    "prefix": "",
                    "tag": []
                  }
                ],
                "id": "DeleteOldLogs",
                "noncurrent_version_expiration": [],
                "noncurrent_version_transition": [],
                "prefix": "",
                "status": "Enabled",
                "transition": []
              }
            ],
            "timeouts": null,
            "transition_default_minimum_object_size": "all_storage_classes_128K"
          },
          "sensitive_attributes": [],
          "identity_schema_version": 0,
          "dependencies": [
            "aws_s3_bucket.cloudtrail",
            "data.aws_caller_identity.current"
          ]
        }
      ]
    },
    {
      "mode": "managed",
      "type": "aws_s3_bucket_logging",
      "name": "cloudtrail",
      "provider": "provider[\"registry.terraform.io/hashicorp/aws\"]",
      "instances": [
        {
          "schema_version": 0,
          "attributes": {
            "bucket": "vto-cloudtrail-046029232490-us-east-1",
            "expected_bucket_owner": "",
            "id": "vto-cloudtrail-046029232490-us-east-1",
            "target_bucket": "vto-access-logs-046029232490-us-east-1",
            "target_grant": [],
            "target_object_key_format": [],
            "target_prefix": "cloudtrail-access-logs/"
          },
          "sensitive_attributes": [],
          "identity_schema_version": 0,
          "private": "bnVsbA==",
          "dependencies": [
            "aws_s3_bucket.access_logs",
            "aws_s3_bucket.cloudtrail",
            "aws_s3_bucket_acl.access_logs",
            "aws_s3_bucket_ownership_controls.access_logs",
            "data.aws_caller_identity.current"
          ]
        }
      ]
    },
    {
      "mode": "managed",
      "type": "aws_s3_bucket_logging",
      "name": "vto",
      "provider": "provider[\"registry.terraform.io/hashicorp/aws\"]",
      "instances": [
        {
          "schema_version": 0,
          "attributes": {
            "bucket": "vto-demo-bucket-046029232490-us-east-1",
            "expected_bucket_owner": "",
            "id": "vto-demo-bucket-046029232490-us-east-1",
            "target_bucket": "vto-access-logs-046029232490-us-east-1",
            "target_grant": [],
            "target_object_key_format": [],
            "target_prefix": "access-logs/"
          },
          "sensitive_attributes": [],
          "identity_schema_version": 0,
          "private": "bnVsbA==",
          "dependencies": [
            "aws_s3_bucket.access_logs",
            "aws_s3_bucket.vto",
            "aws_s3_bucket_acl.access_logs",
            "aws_s3_bucket_ownership_controls.access_logs",
            "data.aws_caller_identity.current"
          ]
        }
      ]
    },
    {
      "mode": "managed",
      "type": "aws_s3_bucket_notification",
      "name": "vto",
      "provider": "provider[\"registry.terraform.io/hashicorp/aws\"]",
      "instances": [
        {
          "schema_version": 0,
          "attributes": {
            "bucket": "vto-demo-bucket-046029232490-us-east-1",
            "eventbridge": false,
            "id": "vto-demo-bucket-046029232490-us-east-1",
            "lambda_function": [],
            "queue": [
              {
                "events": [
                  "s3:ObjectCreated:*"
                ],
                "filter_prefix": "results/",
                "filter_suffix": "",
                "id": "results-notification",
                "queue_arn": "arn:aws:sqs:us-east-1:046029232490:vto-results-queue"
              },
              {
                "events": [
                  "s3:ObjectCreated:*"
                ],
                "filter_prefix": "products/",
                "filter_suffix": "",
                "id": "products-notification",
                "queue_arn": "arn:aws:sqs:us-east-1:046029232490:vto-products-queue"
              },
              {
                "events": [
                  "s3:ObjectCreated:*"
                ],
                "filter_prefix": "models/",
                "filter_suffix": "",
                "id": "models-notification",
                "queue_arn": "arn:aws:sqs:us-east-1:046029232490:vto-models-queue"
              }
            ],
            "topic": []
          },
          "sensitive_attributes": [],
          "identity_schema_version": 0,
          "private": "bnVsbA==",
          "dependencies": [
            "aws_s3_bucket.vto",
            "aws_sqs_queue.models",
            "aws_sqs_queue.products",
            "aws_sqs_queue.products_dlq",
            "aws_sqs_queue.results",
            "aws_sqs_queue.results_dlq",
            "aws_sqs_queue_policy.models",
            "aws_sqs_queue_policy.products",
            "aws_sqs_queue_policy.results",
            "data.aws_caller_identity.current"
          ]
        }
      ]
    },
    {
      "mode": "managed",
      "type": "aws_s3_bucket_ownership_controls",
      "name": "access_logs",
      "provider": "provider[\"registry.terraform.io/hashicorp/aws\"]",
      "instances": [
        {
          "schema_version": 0,
          "attributes": {
            "bucket": "vto-access-logs-046029232490-us-east-1",
            "id": "vto-access-logs-046029232490-us-east-1",
            "rule": [
              {
                "object_ownership": "BucketOwnerPreferred"
              }
            ]
          },
          "sensitive_attributes": [],
          "identity_schema_version": 0,
          "private": "bnVsbA==",
          "dependencies": [
            "aws_s3_bucket.access_logs",
            "data.aws_caller_identity.current"
          ]
        }
      ]
    },
    {
      "mode": "managed",
      "type": "aws_s3_bucket_policy",
      "name": "access_logs_ssl",
      "provider": "provider[\"registry.terraform.io/hashicorp/aws\"]",
      "instances": [
        {
          "schema_version": 0,
          "attributes": {
            "bucket": "vto-access-logs-046029232490-us-east-1",
            "id": "vto-access-logs-046029232490-us-east-1",
            "policy": "{\"Statement\":[{\"Action\":\"s3:*\",\"Condition\":{\"Bool\":{\"aws:SecureTransport\":\"false\"}},\"Effect\":\"Deny\",\"Principal\":\"*\",\"Resource\":[\"arn:aws:s3:::vto-access-logs-046029232490-us-east-1\",\"arn:aws:s3:::vto-access-logs-046029232490-us-east-1/*\"],\"Sid\":\"DenyNonSSL\"}],\"Version\":\"2012-10-17\"}"
          },
          "sensitive_attributes": [],
          "identity_schema_version": 0,
          "private": "bnVsbA==",
          "dependencies": [
            "aws_s3_bucket.access_logs",
            "data.aws_caller_identity.current"
          ]
        }
      ]
    },
    {
      "mode": "managed",
      "type": "aws_s3_bucket_policy",
      "name": "cloudtrail",
      "provider": "provider[\"registry.terraform.io/hashicorp/aws\"]",
      "instances": [
        {
          "schema_version": 0,
          "attributes": {
            "bucket": "vto-cloudtrail-046029232490-us-east-1",
            "id": "vto-cloudtrail-046029232490-us-east-1",
            "policy": "{\"Statement\":[{\"Action\":\"s3:GetBucketAcl\",\"Effect\":\"Allow\",\"Principal\":{\"Service\":\"cloudtrail.amazonaws.com\"},\"Resource\":\"arn:aws:s3:::vto-cloudtrail-046029232490-us-east-1\",\"Sid\":\"AWSCloudTrailAclCheck\"},{\"Action\":\"s3:PutObject\",\"Condition\":{\"StringEquals\":{\"s3:x-amz-acl\":\"bucket-owner-full-control\"}},\"Effect\":\"Allow\",\"Principal\":{\"Service\":\"cloudtrail.amazonaws.com\"},\"Resource\":\"arn:aws:s3:::vto-cloudtrail-046029232490-us-east-1/AWSLogs/046029232490/*\",\"Sid\":\"AWSCloudTrailWrite\"},{\"Action\":\"s3:*\",\"Condition\":{\"Bool\":{\"aws:SecureTransport\":\"false\"}},\"Effect\":\"Deny\",\"Principal\":\"*\",\"Resource\":[\"arn:aws:s3:::vto-cloudtrail-046029232490-us-east-1\",\"arn:aws:s3:::vto-cloudtrail-046029232490-us-east-1/*\"],\"Sid\":\"DenyNonSSL\"}],\"Version\":\"2012-10-17\"}"
          },
          "sensitive_attributes": [],
          "identity_schema_version": 0,
          "private": "bnVsbA==",
          "dependencies": [
            "aws_s3_bucket.cloudtrail",
            "data.aws_caller_identity.current"
          ]
        }
      ]
    },
    {
      "mode": "managed",
      "type": "aws_s3_bucket_policy",
      "name": "vto_ssl",
      "provider": "provider[\"registry.terraform.io/hashicorp/aws\"]",
      "instances": [
        {
          "schema_version": 0,
          "attributes": {
            "bucket": "vto-demo-bucket-046029232490-us-east-1",
            "id": "vto-demo-bucket-046029232490-us-east-1",
            "policy": "{\"Statement\":[{\"Action\":\"s3:*\",\"Condition\":{\"Bool\":{\"aws:SecureTransport\":\"false\"}},\"Effect\":\"Deny\",\"Principal\":\"*\",\"Resource\":[\"arn:aws:s3:::vto-demo-bucket-046029232490-us-east-1\",\"arn:aws:s3:::vto-demo-bucket-046029232490-us-east-1/*\"],\"Sid\":\"DenyNonSSL\"}],\"Version\":\"2012-10-17\"}"
          },
          "sensitive_attributes": [],
          "identity_schema_version": 0,
          "private": "bnVsbA==",
          "dependencies": [
            "aws_s3_bucket.vto",
            "data.aws_caller_identity.current"
          ]
        }
      ]
    },
    {
      "mode": "managed",
      "type": "aws_s3_bucket_public_access_block",
      "name": "access_logs",
      "provider": "provider[\"registry.terraform.io/hashicorp/aws\"]",
      "instances": [
        {
          "schema_version": 0,
          "attributes": {
            "block_public_acls": true,
            "block_public_policy": true,
            "bucket": "vto-access-logs-046029232490-us-east-1",
            "id": "vto-access-logs-046029232490-us-east-1",
            "ignore_public_acls": true,
            "restrict_public_buckets": true
          },
          "sensitive_attributes": [],
          "identity_schema_version": 0,
          "private": "bnVsbA==",
          "dependencies": [
            "aws_s3_bucket.access_logs",
            "data.aws_caller_identity.current"
          ]
        }
      ]
    },
    {
      "mode": "managed",
      "type": "aws_s3_bucket_public_access_block",
      "name": "cloudtrail",
      "provider": "provider[\"registry.terraform.io/hashicorp/aws\"]",
      "instances": [
        {
          "schema_version": 0,
          "attributes": {
            "block_public_acls": true,
            "block_public_policy": true,
            "bucket": "vto-cloudtrail-046029232490-us-east-1",
            "id": "vto-cloudtrail-046029232490-us-east-1",
            "ignore_public_acls": true,
            "restrict_public_buckets": true
          },
          "sensitive_attributes": [],
          "identity_schema_version": 0,
          "private": "bnVsbA==",
          "dependencies": [
            "aws_s3_bucket.cloudtrail",
            "data.aws_caller_identity.current"
          ]
        }
      ]
    },
    {
      "mode": "managed",
      "type": "aws_s3_bucket_public_access_block",
      "name": "vto",
      "provider": "provider[\"registry.terraform.io/hashicorp/aws\"]",
      "instances": [
        {
          "schema_version": 0,
          "attributes": {
            "block_public_acls": true,
            "block_public_policy": true,
            "bucket": "vto-demo-bucket-046029232490-us-east-1",
            "id": "vto-demo-bucket-046029232490-us-east-1",
            "ignore_public_acls": true,
            "restrict_public_buckets": true
          },
          "sensitive_attributes": [],
          "identity_schema_version": 0,
          "private": "bnVsbA==",
          "dependencies": [
            "aws_s3_bucket.vto",
            "data.aws_caller_identity.current"
          ]
        }
      ]
    },
    {
      "mode": "managed",
      "type": "aws_s3_bucket_server_side_encryption_configuration",
      "name": "access_logs",
      "provider": "provider[\"registry.terraform.io/hashicorp/aws\"]",
      "instances": [
        {
          "schema_version": 0,
          "attributes": {
            "bucket": "vto-access-logs-046029232490-us-east-1",
            "expected_bucket_owner": "",
            "id": "vto-access-logs-046029232490-us-east-1",
            "rule": [
              {
                "apply_server_side_encryption_by_default": [
                  {
                    "kms_master_key_id": "",
                    "sse_algorithm": "AES256"
                  }
                ],
                "bucket_key_enabled": false
              }
            ]
          },
          "sensitive_attributes": [],
          "identity_schema_version": 0,
          "private": "bnVsbA==",
          "dependencies": [
            "aws_s3_bucket.access_logs",
            "data.aws_caller_identity.current"
          ]
        }
      ]
    },
    {
      "mode": "managed",
      "type": "aws_s3_bucket_server_side_encryption_configuration",
      "name": "cloudtrail",
      "provider": "provider[\"registry.terraform.io/hashicorp/aws\"]",
      "instances": [
        {
          "schema_version": 0,
          "attributes": {
            "bucket": "vto-cloudtrail-046029232490-us-east-1",
            "expected_bucket_owner": "",
            "id": "vto-cloudtrail-046029232490-us-east-1",
            "rule": [
              {
                "apply_server_side_encryption_by_default": [
                  {
                    "kms_master_key_id": "",
                    "sse_algorithm": "AES256"
                  }
                ],
                "bucket_key_enabled": false
              }
            ]
          },
          "sensitive_attributes": [],
          "identity_schema_version": 0,
          "private": "bnVsbA==",
          "dependencies": [
            "aws_s3_bucket.cloudtrail",
            "data.aws_caller_identity.current"
          ]
        }
      ]
    },
    {
      "mode": "managed",
      "type": "aws_s3_bucket_server_side_encryption_configuration",
      "name": "vto",
      "provider": "provider[\"registry.terraform.io/hashicorp/aws\"]",
      "instances": [
        {
          "schema_version": 0,
          "attributes": {
            "bucket": "vto-demo-bucket-046029232490-us-east-1",
            "expected_bucket_owner": "",
            "id": "vto-demo-bucket-046029232490-us-east-1",
            "rule": [
              {
                "apply_server_side_encryption_by_default": [
                  {
                    "kms_master_key_id": "",
                    "sse_algorithm": "AES256"
                  }
                ],
                "bucket_key_enabled": false
              }
            ]
          },
          "sensitive_attributes": [],
          "identity_schema_version": 0,
          "private": "bnVsbA==",
          "dependencies": [
            "aws_s3_bucket.vto",
            "data.aws_caller_identity.current"
          ]
        }
      ]
    },
    {
      "mode": "managed",
      "type": "aws_s3_bucket_versioning",
      "name": "vto",
      "provider": "provider[\"registry.terraform.io/hashicorp/aws\"]",
      "instances": [
        {
          "schema_version": 0,
          "attributes": {
            "bucket": "vto-demo-bucket-046029232490-us-east-1",
            "expected_bucket_owner": "",
            "id": "vto-demo-bucket-046029232490-us-east-1",
            "mfa": null,
            "versioning_configuration": [
              {
                "mfa_delete": "",
                "status": "Enabled"
              }
            ]
          },
          "sensitive_attributes": [],
          "identity_schema_version": 0,
          "private": "bnVsbA==",
          "dependencies": [
            "aws_s3_bucket.vto",
            "data.aws_caller_identity.current"
          ]
        }
      ]
    },
    {
      "mode": "managed",
      "type": "aws_sfn_state_machine",
      "name": "vto",
      "provider": "provider[\"registry.terraform.io/hashicorp/aws\"]",
      "instances": [
        {
          "schema_version": 0,
          "attributes": {
            "arn": "arn:aws:states:us-east-1:046029232490:stateMachine:vto-processing",
            "creation_date": "2026-05-21T12:45:11Z",
            "definition": "{\"Comment\":\"VTO processing state machine\",\"StartAt\":\"ProcessCanvas\",\"States\":{\"HandleError\":{\"Next\":\"SendErrorNotification\",\"Parameters\":{\"ExpressionAttributeNames\":{\"#error_message\":\"error_message\",\"#status\":\"status\"},\"ExpressionAttributeValues\":{\":error_message\":{\"S.$\":\"$.error.Cause\"},\":status\":{\"S\":\"error\"}},\"Key\":{\"id\":{\"S.$\":\"$$.Execution.Input.jobId\"}},\"TableName\":\"vto-jobs\",\"UpdateExpression\":\"SET #status = :status, #error_message = :error_message\"},\"Resource\":\"arn:aws:states:::dynamodb:updateItem\",\"ResultPath\":\"$.DynamoResult\",\"Type\":\"Task\"},\"ProcessCanvas\":{\"Catch\":[{\"ErrorEquals\":[\"States.ALL\"],\"Next\":\"HandleError\",\"ResultPath\":\"$.error\"}],\"Next\":\"UpdateCompletion\",\"Parameters\":{\"FunctionName\":\"arn:aws:lambda:us-east-1:046029232490:function:vto-canvas-processor\",\"Payload\":{\"connectionId.$\":\"$.connectionId\",\"jobId.$\":\"$.jobId\",\"modelImageS3Url.$\":\"$.modelImageS3Url\",\"productImageS3Url.$\":\"$.productImageS3Url\"}},\"Resource\":\"arn:aws:states:::lambda:invoke\",\"Retry\":[{\"BackoffRate\":2,\"ErrorEquals\":[\"Lambda.ServiceException\",\"Lambda.AWSLambdaException\",\"Lambda.SdkClientException\",\"Lambda.TooManyRequestsException\"],\"IntervalSeconds\":2,\"MaxAttempts\":6}],\"Type\":\"Task\"},\"SendErrorNotification\":{\"End\":true,\"Parameters\":{\"MessageBody\":{\"connectionId.$\":\"$$.Execution.Input.connectionId\",\"error.$\":\"$.error.Cause\",\"eventType\":\"error\",\"jobId.$\":\"$$.Execution.Input.jobId\",\"status\":\"error\"},\"QueueUrl\":\"https://sqs.us-east-1.amazonaws.com/046029232490/vto-results-queue\"},\"Resource\":\"arn:aws:states:::sqs:sendMessage\",\"Type\":\"Task\"},\"UpdateCompletion\":{\"End\":true,\"Parameters\":{\"ExpressionAttributeNames\":{\"#completed_at\":\"completed_at\",\"#status\":\"status\"},\"ExpressionAttributeValues\":{\":completed_at\":{\"S.$\":\"$$.State.EnteredTime\"},\":status\":{\"S\":\"completed\"}},\"Key\":{\"id\":{\"S.$\":\"$.Payload.jobId\"}},\"TableName\":\"vto-jobs\",\"UpdateExpression\":\"SET #status = :status, #completed_at = :completed_at\"},\"Resource\":\"arn:aws:states:::dynamodb:updateItem\",\"Type\":\"Task\"}}}",
            "description": "",
            "encryption_configuration": [
              {
                "kms_data_key_reuse_period_seconds": 0,
                "kms_key_id": "",
                "type": "AWS_OWNED_KEY"
              }
            ],
            "id": "arn:aws:states:us-east-1:046029232490:stateMachine:vto-processing",
            "logging_configuration": [
              {
                "include_execution_data": true,
                "level": "ALL",
                "log_destination": "arn:aws:logs:us-east-1:046029232490:log-group:/aws/stepfunctions/vto-processing:*"
              }
            ],
            "name": "vto-processing",
            "name_prefix": "",
            "publish": false,
            "revision_id": "",
            "role_arn": "arn:aws:iam::046029232490:role/vto-stepfunctions-role",
            "state_machine_version_arn": "",
            "status": "ACTIVE",
            "tags": {},
            "tags_all": {},
            "timeouts": null,
            "tracing_configuration": [
              {
                "enabled": true
              }
            ],
            "type": "STANDARD",
            "version_description": null
          },
          "sensitive_attributes": [],
          "identity_schema_version": 0,
          "private": "eyJlMmJmYjczMC1lY2FhLTExZTYtOGY4OC0zNDM2M2JjN2M0YzAiOnsiY3JlYXRlIjozMDAwMDAwMDAwMDAsImRlbGV0ZSI6MzAwMDAwMDAwMDAwLCJ1cGRhdGUiOjYwMDAwMDAwMDAwfX0=",
          "dependencies": [
            "aws_apigatewayv2_api.websocket",
            "aws_cloudwatch_log_group.step_functions",
            "aws_dynamodb_table.jobs",
            "aws_iam_role.lambda_exec",
            "aws_iam_role.step_functions",
            "aws_lambda_function.canvas_processor",
            "aws_s3_bucket.vto",
            "aws_sqs_queue.results",
            "aws_sqs_queue.results_dlq",
            "data.archive_file.canvas_processor",
            "data.aws_caller_identity.current"
          ]
        }
      ]
    },
    {
      "mode": "managed",
      "type": "aws_sqs_queue",
      "name": "models",
      "provider": "provider[\"registry.terraform.io/hashicorp/aws\"]",
      "instances": [
        {
          "schema_version": 0,
          "attributes": {
            "arn": "arn:aws:sqs:us-east-1:046029232490:vto-models-queue",
            "content_based_deduplication": false,
            "deduplication_scope": "",
            "delay_seconds": 0,
            "fifo_queue": false,
            "fifo_throughput_limit": "",
            "id": "https://sqs.us-east-1.amazonaws.com/046029232490/vto-models-queue",
            "kms_data_key_reuse_period_seconds": 300,
            "kms_master_key_id": "",
            "max_message_size": 262144,
            "message_retention_seconds": 345600,
            "name": "vto-models-queue",
            "name_prefix": "",
            "policy": "{\"Statement\":[{\"Action\":\"sqs:SendMessage\",\"Condition\":{\"ArnLike\":{\"aws:SourceArn\":\"arn:aws:s3:::vto-demo-bucket-046029232490-us-east-1\"}},\"Effect\":\"Allow\",\"Principal\":{\"Service\":\"s3.amazonaws.com\"},\"Resource\":\"arn:aws:sqs:us-east-1:046029232490:vto-models-queue\",\"Sid\":\"AllowS3Publish\"},{\"Action\":\"sqs:*\",\"Condition\":{\"Bool\":{\"aws:SecureTransport\":\"false\"}},\"Effect\":\"Deny\",\"Principal\":\"*\",\"Resource\":\"arn:aws:sqs:us-east-1:046029232490:vto-models-queue\",\"Sid\":\"DenyNonSSL\"}],\"Version\":\"2012-10-17\"}",
            "receive_wait_time_seconds": 0,
            "redrive_allow_policy": "",
            "redrive_policy": "{\"deadLetterTargetArn\":\"arn:aws:sqs:us-east-1:046029232490:vto-products-dlq\",\"maxReceiveCount\":3}",
            "sqs_managed_sse_enabled": true,
            "tags": {},
            "tags_all": {},
            "timeouts": null,
            "url": "https://sqs.us-east-1.amazonaws.com/046029232490/vto-models-queue",
            "visibility_timeout_seconds": 360
          },
          "sensitive_attributes": [],
          "identity_schema_version": 0,
          "private": "eyJlMmJmYjczMC1lY2FhLTExZTYtOGY4OC0zNDM2M2JjN2M0YzAiOnsiY3JlYXRlIjoxODAwMDAwMDAwMDAsImRlbGV0ZSI6MTgwMDAwMDAwMDAwLCJ1cGRhdGUiOjE4MDAwMDAwMDAwMH19",
          "dependencies": [
            "aws_sqs_queue.products_dlq"
          ]
        }
      ]
    },
    {
      "mode": "managed",
      "type": "aws_sqs_queue",
      "name": "products",
      "provider": "provider[\"registry.terraform.io/hashicorp/aws\"]",
      "instances": [
        {
          "schema_version": 0,
          "attributes": {
            "arn": "arn:aws:sqs:us-east-1:046029232490:vto-products-queue",
            "content_based_deduplication": false,
            "deduplication_scope": "",
            "delay_seconds": 0,
            "fifo_queue": false,
            "fifo_throughput_limit": "",
            "id": "https://sqs.us-east-1.amazonaws.com/046029232490/vto-products-queue",
            "kms_data_key_reuse_period_seconds": 300,
            "kms_master_key_id": "",
            "max_message_size": 262144,
            "message_retention_seconds": 345600,
            "name": "vto-products-queue",
            "name_prefix": "",
            "policy": "{\"Statement\":[{\"Action\":\"sqs:SendMessage\",\"Condition\":{\"ArnLike\":{\"aws:SourceArn\":\"arn:aws:s3:::vto-demo-bucket-046029232490-us-east-1\"}},\"Effect\":\"Allow\",\"Principal\":{\"Service\":\"s3.amazonaws.com\"},\"Resource\":\"arn:aws:sqs:us-east-1:046029232490:vto-products-queue\",\"Sid\":\"AllowS3Publish\"},{\"Action\":\"sqs:*\",\"Condition\":{\"Bool\":{\"aws:SecureTransport\":\"false\"}},\"Effect\":\"Deny\",\"Principal\":\"*\",\"Resource\":\"arn:aws:sqs:us-east-1:046029232490:vto-products-queue\",\"Sid\":\"DenyNonSSL\"}],\"Version\":\"2012-10-17\"}",
            "receive_wait_time_seconds": 0,
            "redrive_allow_policy": "",
            "redrive_policy": "{\"deadLetterTargetArn\":\"arn:aws:sqs:us-east-1:046029232490:vto-products-dlq\",\"maxReceiveCount\":3}",
            "sqs_managed_sse_enabled": true,
            "tags": {},
            "tags_all": {},
            "timeouts": null,
            "url": "https://sqs.us-east-1.amazonaws.com/046029232490/vto-products-queue",
            "visibility_timeout_seconds": 360
          },
          "sensitive_attributes": [],
          "identity_schema_version": 0,
          "private": "eyJlMmJmYjczMC1lY2FhLTExZTYtOGY4OC0zNDM2M2JjN2M0YzAiOnsiY3JlYXRlIjoxODAwMDAwMDAwMDAsImRlbGV0ZSI6MTgwMDAwMDAwMDAwLCJ1cGRhdGUiOjE4MDAwMDAwMDAwMH19",
          "dependencies": [
            "aws_sqs_queue.products_dlq"
          ]
        }
      ]
    },
    {
      "mode": "managed",
      "type": "aws_sqs_queue",
      "name": "products_dlq",
      "provider": "provider[\"registry.terraform.io/hashicorp/aws\"]",
      "instances": [
        {
          "schema_version": 0,
          "attributes": {
            "arn": "arn:aws:sqs:us-east-1:046029232490:vto-products-dlq",
            "content_based_deduplication": false,
            "deduplication_scope": "",
            "delay_seconds": 0,
            "fifo_queue": false,
            "fifo_throughput_limit": "",
            "id": "https://sqs.us-east-1.amazonaws.com/046029232490/vto-products-dlq",
            "kms_data_key_reuse_period_seconds": 300,
            "kms_master_key_id": "",
            "max_message_size": 262144,
            "message_retention_seconds": 1209600,
            "name": "vto-products-dlq",
            "name_prefix": "",
            "policy": "{\"Statement\":[{\"Action\":\"sqs:*\",\"Condition\":{\"Bool\":{\"aws:SecureTransport\":\"false\"}},\"Effect\":\"Deny\",\"Principal\":\"*\",\"Resource\":\"arn:aws:sqs:us-east-1:046029232490:vto-products-dlq\",\"Sid\":\"DenyNonSSL\"}],\"Version\":\"2012-10-17\"}",
            "receive_wait_time_seconds": 0,
            "redrive_allow_policy": "",
            "redrive_policy": "",
            "sqs_managed_sse_enabled": true,
            "tags": {},
            "tags_all": {},
            "timeouts": null,
            "url": "https://sqs.us-east-1.amazonaws.com/046029232490/vto-products-dlq",
            "visibility_timeout_seconds": 30
          },
          "sensitive_attributes": [],
          "identity_schema_version": 0,
          "private": "eyJlMmJmYjczMC1lY2FhLTExZTYtOGY4OC0zNDM2M2JjN2M0YzAiOnsiY3JlYXRlIjoxODAwMDAwMDAwMDAsImRlbGV0ZSI6MTgwMDAwMDAwMDAwLCJ1cGRhdGUiOjE4MDAwMDAwMDAwMH19"
        }
      ]
    },
    {
      "mode": "managed",
      "type": "aws_sqs_queue",
      "name": "results",
      "provider": "provider[\"registry.terraform.io/hashicorp/aws\"]",
      "instances": [
        {
          "schema_version": 0,
          "attributes": {
            "arn": "arn:aws:sqs:us-east-1:046029232490:vto-results-queue",
            "content_based_deduplication": false,
            "deduplication_scope": "",
            "delay_seconds": 0,
            "fifo_queue": false,
            "fifo_throughput_limit": "",
            "id": "https://sqs.us-east-1.amazonaws.com/046029232490/vto-results-queue",
            "kms_data_key_reuse_period_seconds": 300,
            "kms_master_key_id": "",
            "max_message_size": 262144,
            "message_retention_seconds": 345600,
            "name": "vto-results-queue",
            "name_prefix": "",
            "policy": "{\"Statement\":[{\"Action\":\"sqs:SendMessage\",\"Condition\":{\"ArnLike\":{\"aws:SourceArn\":\"arn:aws:s3:::vto-demo-bucket-046029232490-us-east-1\"}},\"Effect\":\"Allow\",\"Principal\":{\"Service\":\"s3.amazonaws.com\"},\"Resource\":\"arn:aws:sqs:us-east-1:046029232490:vto-results-queue\",\"Sid\":\"AllowS3Publish\"},{\"Action\":\"sqs:*\",\"Condition\":{\"Bool\":{\"aws:SecureTransport\":\"false\"}},\"Effect\":\"Deny\",\"Principal\":\"*\",\"Resource\":\"arn:aws:sqs:us-east-1:046029232490:vto-results-queue\",\"Sid\":\"DenyNonSSL\"}],\"Version\":\"2012-10-17\"}",
            "receive_wait_time_seconds": 0,
            "redrive_allow_policy": "",
            "redrive_policy": "{\"deadLetterTargetArn\":\"arn:aws:sqs:us-east-1:046029232490:vto-results-dlq\",\"maxReceiveCount\":3}",
            "sqs_managed_sse_enabled": true,
            "tags": {},
            "tags_all": {},
            "timeouts": null,
            "url": "https://sqs.us-east-1.amazonaws.com/046029232490/vto-results-queue",
            "visibility_timeout_seconds": 360
          },
          "sensitive_attributes": [],
          "identity_schema_version": 0,
          "private": "eyJlMmJmYjczMC1lY2FhLTExZTYtOGY4OC0zNDM2M2JjN2M0YzAiOnsiY3JlYXRlIjoxODAwMDAwMDAwMDAsImRlbGV0ZSI6MTgwMDAwMDAwMDAwLCJ1cGRhdGUiOjE4MDAwMDAwMDAwMH19",
          "dependencies": [
            "aws_sqs_queue.results_dlq"
          ]
        }
      ]
    },
    {
      "mode": "managed",
      "type": "aws_sqs_queue",
      "name": "results_dlq",
      "provider": "provider[\"registry.terraform.io/hashicorp/aws\"]",
      "instances": [
        {
          "schema_version": 0,
          "attributes": {
            "arn": "arn:aws:sqs:us-east-1:046029232490:vto-results-dlq",
            "content_based_deduplication": false,
            "deduplication_scope": "",
            "delay_seconds": 0,
            "fifo_queue": false,
            "fifo_throughput_limit": "",
            "id": "https://sqs.us-east-1.amazonaws.com/046029232490/vto-results-dlq",
            "kms_data_key_reuse_period_seconds": 300,
            "kms_master_key_id": "",
            "max_message_size": 262144,
            "message_retention_seconds": 1209600,
            "name": "vto-results-dlq",
            "name_prefix": "",
            "policy": "{\"Statement\":[{\"Action\":\"sqs:*\",\"Condition\":{\"Bool\":{\"aws:SecureTransport\":\"false\"}},\"Effect\":\"Deny\",\"Principal\":\"*\",\"Resource\":\"arn:aws:sqs:us-east-1:046029232490:vto-results-dlq\",\"Sid\":\"DenyNonSSL\"}],\"Version\":\"2012-10-17\"}",
            "receive_wait_time_seconds": 0,
            "redrive_allow_policy": "",
            "redrive_policy": "",
            "sqs_managed_sse_enabled": true,
            "tags": {},
            "tags_all": {},
            "timeouts": null,
            "url": "https://sqs.us-east-1.amazonaws.com/046029232490/vto-results-dlq",
            "visibility_timeout_seconds": 30
          },
          "sensitive_attributes": [],
          "identity_schema_version": 0,
          "private": "eyJlMmJmYjczMC1lY2FhLTExZTYtOGY4OC0zNDM2M2JjN2M0YzAiOnsiY3JlYXRlIjoxODAwMDAwMDAwMDAsImRlbGV0ZSI6MTgwMDAwMDAwMDAwLCJ1cGRhdGUiOjE4MDAwMDAwMDAwMH19"
        }
      ]
    },
    {
      "mode": "managed",
      "type": "aws_sqs_queue_policy",
      "name": "models",
      "provider": "provider[\"registry.terraform.io/hashicorp/aws\"]",
      "instances": [
        {
          "schema_version": 1,
          "attributes": {
            "id": "https://sqs.us-east-1.amazonaws.com/046029232490/vto-models-queue",
            "policy": "{\"Statement\":[{\"Action\":\"sqs:SendMessage\",\"Condition\":{\"ArnLike\":{\"aws:SourceArn\":\"arn:aws:s3:::vto-demo-bucket-046029232490-us-east-1\"}},\"Effect\":\"Allow\",\"Principal\":{\"Service\":\"s3.amazonaws.com\"},\"Resource\":\"arn:aws:sqs:us-east-1:046029232490:vto-models-queue\",\"Sid\":\"AllowS3Publish\"},{\"Action\":\"sqs:*\",\"Condition\":{\"Bool\":{\"aws:SecureTransport\":\"false\"}},\"Effect\":\"Deny\",\"Principal\":\"*\",\"Resource\":\"arn:aws:sqs:us-east-1:046029232490:vto-models-queue\",\"Sid\":\"DenyNonSSL\"}],\"Version\":\"2012-10-17\"}",
            "queue_url": "https://sqs.us-east-1.amazonaws.com/046029232490/vto-models-queue"
          },
          "sensitive_attributes": [],
          "identity_schema_version": 0,
          "private": "eyJzY2hlbWFfdmVyc2lvbiI6IjEifQ==",
          "dependencies": [
            "aws_s3_bucket.vto",
            "aws_sqs_queue.models",
            "aws_sqs_queue.products_dlq",
            "data.aws_caller_identity.current"
          ]
        }
      ]
    },
    {
      "mode": "managed",
      "type": "aws_sqs_queue_policy",
      "name": "products",
      "provider": "provider[\"registry.terraform.io/hashicorp/aws\"]",
      "instances": [
        {
          "schema_version": 1,
          "attributes": {
            "id": "https://sqs.us-east-1.amazonaws.com/046029232490/vto-products-queue",
            "policy": "{\"Statement\":[{\"Action\":\"sqs:SendMessage\",\"Condition\":{\"ArnLike\":{\"aws:SourceArn\":\"arn:aws:s3:::vto-demo-bucket-046029232490-us-east-1\"}},\"Effect\":\"Allow\",\"Principal\":{\"Service\":\"s3.amazonaws.com\"},\"Resource\":\"arn:aws:sqs:us-east-1:046029232490:vto-products-queue\",\"Sid\":\"AllowS3Publish\"},{\"Action\":\"sqs:*\",\"Condition\":{\"Bool\":{\"aws:SecureTransport\":\"false\"}},\"Effect\":\"Deny\",\"Principal\":\"*\",\"Resource\":\"arn:aws:sqs:us-east-1:046029232490:vto-products-queue\",\"Sid\":\"DenyNonSSL\"}],\"Version\":\"2012-10-17\"}",
            "queue_url": "https://sqs.us-east-1.amazonaws.com/046029232490/vto-products-queue"
          },
          "sensitive_attributes": [],
          "identity_schema_version": 0,
          "private": "eyJzY2hlbWFfdmVyc2lvbiI6IjEifQ==",
          "dependencies": [
            "aws_s3_bucket.vto",
            "aws_sqs_queue.products",
            "aws_sqs_queue.products_dlq",
            "data.aws_caller_identity.current"
          ]
        }
      ]
    },
    {
      "mode": "managed",
      "type": "aws_sqs_queue_policy",
      "name": "products_dlq",
      "provider": "provider[\"registry.terraform.io/hashicorp/aws\"]",
      "instances": [
        {
          "schema_version": 1,
          "attributes": {
            "id": "https://sqs.us-east-1.amazonaws.com/046029232490/vto-products-dlq",
            "policy": "{\"Statement\":[{\"Action\":\"sqs:*\",\"Condition\":{\"Bool\":{\"aws:SecureTransport\":\"false\"}},\"Effect\":\"Deny\",\"Principal\":\"*\",\"Resource\":\"arn:aws:sqs:us-east-1:046029232490:vto-products-dlq\",\"Sid\":\"DenyNonSSL\"}],\"Version\":\"2012-10-17\"}",
            "queue_url": "https://sqs.us-east-1.amazonaws.com/046029232490/vto-products-dlq"
          },
          "sensitive_attributes": [],
          "identity_schema_version": 0,
          "private": "eyJzY2hlbWFfdmVyc2lvbiI6IjEifQ==",
          "dependencies": [
            "aws_sqs_queue.products_dlq"
          ]
        }
      ]
    },
    {
      "mode": "managed",
      "type": "aws_sqs_queue_policy",
      "name": "results",
      "provider": "provider[\"registry.terraform.io/hashicorp/aws\"]",
      "instances": [
        {
          "schema_version": 1,
          "attributes": {
            "id": "https://sqs.us-east-1.amazonaws.com/046029232490/vto-results-queue",
            "policy": "{\"Statement\":[{\"Action\":\"sqs:SendMessage\",\"Condition\":{\"ArnLike\":{\"aws:SourceArn\":\"arn:aws:s3:::vto-demo-bucket-046029232490-us-east-1\"}},\"Effect\":\"Allow\",\"Principal\":{\"Service\":\"s3.amazonaws.com\"},\"Resource\":\"arn:aws:sqs:us-east-1:046029232490:vto-results-queue\",\"Sid\":\"AllowS3Publish\"},{\"Action\":\"sqs:*\",\"Condition\":{\"Bool\":{\"aws:SecureTransport\":\"false\"}},\"Effect\":\"Deny\",\"Principal\":\"*\",\"Resource\":\"arn:aws:sqs:us-east-1:046029232490:vto-results-queue\",\"Sid\":\"DenyNonSSL\"}],\"Version\":\"2012-10-17\"}",
            "queue_url": "https://sqs.us-east-1.amazonaws.com/046029232490/vto-results-queue"
          },
          "sensitive_attributes": [],
          "identity_schema_version": 0,
          "private": "eyJzY2hlbWFfdmVyc2lvbiI6IjEifQ==",
          "dependencies": [
            "aws_s3_bucket.vto",
            "aws_sqs_queue.results",
            "aws_sqs_queue.results_dlq",
            "data.aws_caller_identity.current"
          ]
        }
      ]
    },
    {
      "mode": "managed",
      "type": "aws_sqs_queue_policy",
      "name": "results_dlq",
      "provider": "provider[\"registry.terraform.io/hashicorp/aws\"]",
      "instances": [
        {
          "schema_version": 1,
          "attributes": {
            "id": "https://sqs.us-east-1.amazonaws.com/046029232490/vto-results-dlq",
            "policy": "{\"Statement\":[{\"Action\":\"sqs:*\",\"Condition\":{\"Bool\":{\"aws:SecureTransport\":\"false\"}},\"Effect\":\"Deny\",\"Principal\":\"*\",\"Resource\":\"arn:aws:sqs:us-east-1:046029232490:vto-results-dlq\",\"Sid\":\"DenyNonSSL\"}],\"Version\":\"2012-10-17\"}",
            "queue_url": "https://sqs.us-east-1.amazonaws.com/046029232490/vto-results-dlq"
          },
          "sensitive_attributes": [],
          "identity_schema_version": 0,
          "private": "eyJzY2hlbWFfdmVyc2lvbiI6IjEifQ==",
          "dependencies": [
            "aws_sqs_queue.results_dlq"
          ]
        }
      ]
    },
    {
      "mode": "managed",
      "type": "aws_wafv2_web_acl",
      "name": "websocket",
      "provider": "provider[\"registry.terraform.io/hashicorp/aws\"]",
      "instances": [
        {
          "schema_version": 0,
          "attributes": {
            "application_integration_url": "",
            "arn": "arn:aws:wafv2:us-east-1:046029232490:regional/webacl/VTO-WebSocket-Waf/99a64a3f-0811-417b-8725-f35263f2db95",
            "association_config": [],
            "capacity": 702,
            "captcha_config": [],
            "challenge_config": [],
            "custom_response_body": [],
            "data_protection_config": [],
            "default_action": [
              {
                "allow": [
                  {
                    "custom_request_handling": []
                  }
                ],
                "block": []
              }
            ],
            "description": "",
            "id": "99a64a3f-0811-417b-8725-f35263f2db95",
            "lock_token": "7d58e41c-aa0b-4fa4-b5e2-1f23f49bc46f",
            "name": "VTO-WebSocket-Waf",
            "name_prefix": "",
            "rule": [
              {
                "action": [
                  {
                    "allow": [],
                    "block": [
                      {
                        "custom_response": []
                      }
                    ],
                    "captcha": [],
                    "challenge": [],
                    "count": []
                  }
                ],
                "captcha_config": [],
                "challenge_config": [],
                "name": "VTO-RateLimitRule",
                "override_action": [],
                "priority": 1,
                "rule_label": [],
                "statement": [
                  {
                    "and_statement": [],
                    "asn_match_statement": [],
                    "byte_match_statement": [],
                    "geo_match_statement": [],
                    "ip_set_reference_statement": [],
                    "label_match_statement": [],
                    "managed_rule_group_statement": [],
                    "not_statement": [],
                    "or_statement": [],
                    "rate_based_statement": [
                      {
                        "aggregate_key_type": "IP",
                        "custom_key": [],
                        "evaluation_window_sec": 300,
                        "forwarded_ip_config": [],
                        "limit": 2000,
                        "scope_down_statement": []
                      }
                    ],
                    "regex_match_statement": [],
                    "regex_pattern_set_reference_statement": [],
                    "rule_group_reference_statement": [],
                    "size_constraint_statement": [],
                    "sqli_match_statement": [],
                    "xss_match_statement": []
                  }
                ],
                "visibility_config": [
                  {
                    "cloudwatch_metrics_enabled": true,
                    "metric_name": "VTO-RateLimitRule",
                    "sampled_requests_enabled": true
                  }
                ]
              },
              {
                "action": [],
                "captcha_config": [],
                "challenge_config": [],
                "name": "VTO-AWSManagedRulesCommonRuleSet",
                "override_action": [
                  {
                    "count": [],
                    "none": [
                      {}
                    ]
                  }
                ],
                "priority": 0,
                "rule_label": [],
                "statement": [
                  {
                    "and_statement": [],
                    "asn_match_statement": [],
                    "byte_match_statement": [],
                    "geo_match_statement": [],
                    "ip_set_reference_statement": [],
                    "label_match_statement": [],
                    "managed_rule_group_statement": [
                      {
                        "managed_rule_group_configs": [],
                        "name": "AWSManagedRulesCommonRuleSet",
                        "rule_action_override": [],
                        "scope_down_statement": [],
                        "vendor_name": "AWS",
                        "version": ""
                      }
                    ],
                    "not_statement": [],
                    "or_statement": [],
                    "rate_based_statement": [],
                    "regex_match_statement": [],
                    "regex_pattern_set_reference_statement": [],
                    "rule_group_reference_statement": [],
                    "size_constraint_statement": [],
                    "sqli_match_statement": [],
                    "xss_match_statement": []
                  }
                ],
                "visibility_config": [
                  {
                    "cloudwatch_metrics_enabled": true,
                    "metric_name": "VTO-AWSManagedRulesCommonRuleSet",
                    "sampled_requests_enabled": true
                  }
                ]
              }
            ],
            "rule_json": null,
            "scope": "REGIONAL",
            "tags": {},
            "tags_all": {},
            "token_domains": [],
            "visibility_config": [
              {
                "cloudwatch_metrics_enabled": true,
                "metric_name": "VTOWebSocketWebAcl",
                "sampled_requests_enabled": true
              }
            ]
          },
          "sensitive_attributes": [],
          "identity_schema_version": 0,
          "private": "bnVsbA=="
        }
      ]
    }
  ],
  "check_results": null
}
